// !$*UTF8*$!
{
	archiveVersion = 1;
	classes = {
	};
	objectVersion = 56;
	objects = {

/* Begin PBXBuildFile section */
		0FC6DA182D949037007CB69B /* AnalyticsView.swift in Sources */ = {isa = PBXBuildFile; fileRef = 0FC6DA172D949037007CB69B /* AnalyticsView.swift */; };
		0FC6DA1B2D9498D3007CB69B /* AddingExpensesView.swift in Sources */ = {isa = PBXBuildFile; fileRef = 0FC6DA1A2D9498D3007CB69B /* AddingExpensesView.swift */; };
		0FC6DA1E2D95B946007CB69B /* HomeView.swift in Sources */ = {isa = PBXBuildFile; fileRef = 0FC6DA1D2D95B946007CB69B /* HomeView.swift */; };
		0FC6DA222D95CC73007CB69B /* PdfDocumentPicker.swift in Sources */ = {isa = PBXBuildFile; fileRef = 0FC6DA212D95CC73007CB69B /* PdfDocumentPicker.swift */; };
		2E1F4C012D95F3AA0024F7B2 /* GoalsViewModel.swift in Sources */ = {isa = PBXBuildFile; fileRef = 2E1F4C002D95F3AA0024F7B2 /* GoalsViewModel.swift */; };
		2E5BA62D2D9605D30015C665 /* ProgressBar.swift in Sources */ = {isa = PBXBuildFile; fileRef = 2E5BA62C2D9605D30015C665 /* ProgressBar.swift */; };
		2EA1507D2D9353DC001ED73E /* FintechKidsApp.swift in Sources */ = {isa = PBXBuildFile; fileRef = 2EA1507C2D9353DC001ED73E /* FintechKidsApp.swift */; };
		2EA1507F2D9353DC001ED73E /* ContentView.swift in Sources */ = {isa = PBXBuildFile; fileRef = 2EA1507E2D9353DC001ED73E /* ContentView.swift */; };
		2EA150832D9353DD001ED73E /* Assets.xcassets in Resources */ = {isa = PBXBuildFile; fileRef = 2EA150822D9353DD001ED73E /* Assets.xcassets */; };
		2EA150862D9353DD001ED73E /* Preview Assets.xcassets in Resources */ = {isa = PBXBuildFile; fileRef = 2EA150852D9353DD001ED73E /* Preview Assets.xcassets */; };
		2EA150902D9353DD001ED73E /* FintechKidsTests.swift in Sources */ = {isa = PBXBuildFile; fileRef = 2EA1508F2D9353DD001ED73E /* FintechKidsTests.swift */; };
		2EA1509A2D9353DD001ED73E /* FintechKidsUITests.swift in Sources */ = {isa = PBXBuildFile; fileRef = 2EA150992D9353DD001ED73E /* FintechKidsUITests.swift */; };
		2EA1509C2D9353DD001ED73E /* FintechKidsUITestsLaunchTests.swift in Sources */ = {isa = PBXBuildFile; fileRef = 2EA1509B2D9353DD001ED73E /* FintechKidsUITestsLaunchTests.swift */; };
		2EA150AF2D9387E7001ED73E /* TabBar.swift in Sources */ = {isa = PBXBuildFile; fileRef = 2EA150AE2D9387E7001ED73E /* TabBar.swift */; };
		2EA1515B2D94AE2C001ED73E /* GoalCardView.swift in Sources */ = {isa = PBXBuildFile; fileRef = 2EA1515A2D94AE2C001ED73E /* GoalCardView.swift */; };
		2EA1515E2D94B5FE001ED73E /* FrontSideGoalCardView.swift in Sources */ = {isa = PBXBuildFile; fileRef = 2EA1515D2D94B5FE001ED73E /* FrontSideGoalCardView.swift */; };
		2EA151602D94B617001ED73E /* BackSideGoalCardView.swift in Sources */ = {isa = PBXBuildFile; fileRef = 2EA1515F2D94B617001ED73E /* BackSideGoalCardView.swift */; };
		2EA151622D9536B6001ED73E /* FlipOpacity.swift in Sources */ = {isa = PBXBuildFile; fileRef = 2EA151612D9536B6001ED73E /* FlipOpacity.swift */; };
		2EA151642D954BA7001ED73E /* DateExtension.swift in Sources */ = {isa = PBXBuildFile; fileRef = 2EA151632D954BA7001ED73E /* DateExtension.swift */; };
		2EA151662D954C5B001ED73E /* GoalModel.swift in Sources */ = {isa = PBXBuildFile; fileRef = 2EA151652D954C5B001ED73E /* GoalModel.swift */; };
		2EA1516B2D958124001ED73E /* GoalsView.swift in Sources */ = {isa = PBXBuildFile; fileRef = 2EA1516A2D958124001ED73E /* GoalsView.swift */; };
		53B3D6F82D96CA1E00B31D2D /* StatementController.swift in Sources */ = {isa = PBXBuildFile; fileRef = 53B3D6F32D96CA1E00B31D2D /* StatementController.swift */; };
		53B3D6F92D96CA1E00B31D2D /* StatementPDFToStringConverter.swift in Sources */ = {isa = PBXBuildFile; fileRef = 53B3D6F62D96CA1E00B31D2D /* StatementPDFToStringConverter.swift */; };
		53B3D6FA2D96CA1E00B31D2D /* LLMService.swift in Sources */ = {isa = PBXBuildFile; fileRef = 53B3D6F52D96CA1E00B31D2D /* LLMService.swift */; };
		53B3D6FB2D96CA1E00B31D2D /* StatementFileStore.swift in Sources */ = {isa = PBXBuildFile; fileRef = 53B3D6F42D96CA1E00B31D2D /* StatementFileStore.swift */; };
		53B3D7002D96CA3900B31D2D /* FileServiceError.swift in Sources */ = {isa = PBXBuildFile; fileRef = 53B3D6FC2D96CA3900B31D2D /* FileServiceError.swift */; };
		53B3D7012D96CA3900B31D2D /* PDFError.swift in Sources */ = {isa = PBXBuildFile; fileRef = 53B3D6FE2D96CA3900B31D2D /* PDFError.swift */; };
		53B3D7022D96CA3900B31D2D /* NetworkingError.swift in Sources */ = {isa = PBXBuildFile; fileRef = 53B3D6FD2D96CA3900B31D2D /* NetworkingError.swift */; };
		53B3D70B2D96CA6600B31D2D /* Prompt.swift in Sources */ = {isa = PBXBuildFile; fileRef = 53B3D7082D96CA6600B31D2D /* Prompt.swift */; };
		53B3D70C2D96CA6600B31D2D /* APIResponse.swift in Sources */ = {isa = PBXBuildFile; fileRef = 53B3D7032D96CA6600B31D2D /* APIResponse.swift */; };
		53B3D70D2D96CA6600B31D2D /* MessageContent.swift in Sources */ = {isa = PBXBuildFile; fileRef = 53B3D7062D96CA6600B31D2D /* MessageContent.swift */; };
		53B3D70E2D96CA6600B31D2D /* MessageRequest.swift in Sources */ = {isa = PBXBuildFile; fileRef = 53B3D7052D96CA6600B31D2D /* MessageRequest.swift */; };
		53B3D70F2D96CA6600B31D2D /* Choices.swift in Sources */ = {isa = PBXBuildFile; fileRef = 53B3D7042D96CA6600B31D2D /* Choices.swift */; };
		53B3D7102D96CA6600B31D2D /* MessageResponse.swift in Sources */ = {isa = PBXBuildFile; fileRef = 53B3D7072D96CA6600B31D2D /* MessageResponse.swift */; };
		53B3D7112D96CA6600B31D2D /* RequestBody.swift in Sources */ = {isa = PBXBuildFile; fileRef = 53B3D7092D96CA6600B31D2D /* RequestBody.swift */; };
		53B3D7132D96CB4F00B31D2D /* Transaction.swift in Sources */ = {isa = PBXBuildFile; fileRef = 53B3D7122D96CB4F00B31D2D /* Transaction.swift */; };
		53B3D7172D96E9AE00B31D2D /* StatementService.swift in Sources */ = {isa = PBXBuildFile; fileRef = 53B3D7162D96E9AE00B31D2D /* StatementService.swift */; };
		53B3D7272D97CFEF00B31D2D /* TextToTransactionConverter.swift in Sources */ = {isa = PBXBuildFile; fileRef = 53B3D7262D97CFEF00B31D2D /* TextToTransactionConverter.swift */; };
		56A2DDE72D95833500F853B3 /* SettingsView.swift in Sources */ = {isa = PBXBuildFile; fileRef = 56A2DDE62D95833500F853B3 /* SettingsView.swift */; };
		83869DAE2D9499D2000A1EFD /* CardGameRound.swift in Sources */ = {isa = PBXBuildFile; fileRef = 83869DA82D9499D2000A1EFD /* CardGameRound.swift */; };
		83869DAF2D9499D2000A1EFD /* CardGameView.swift in Sources */ = {isa = PBXBuildFile; fileRef = 83869DA92D9499D2000A1EFD /* CardGameView.swift */; };
		83869DB22D9499D2000A1EFD /* CardGameViewModel.swift in Sources */ = {isa = PBXBuildFile; fileRef = 83869DAA2D9499D2000A1EFD /* CardGameViewModel.swift */; };
		8390DB9F2D986C2600A414FD /* DeleddaOpen-Light.ttf in Resources */ = {isa = PBXBuildFile; fileRef = 0F71F7362D97D53D00A1A407 /* DeleddaOpen-Light.ttf */; };
		83A6E9642D95889E0007B577 /* CardGame.txt in Resources */ = {isa = PBXBuildFile; fileRef = 83A6E9632D9588930007B577 /* CardGame.txt */; };
		83A6E9662D95945E0007B577 /* Storage.swift in Sources */ = {isa = PBXBuildFile; fileRef = 83A6E9652D95945E0007B577 /* Storage.swift */; };
		CF1A23932D9461360032844E /* MessageView.swift in Sources */ = {isa = PBXBuildFile; fileRef = CF1A23922D9461360032844E /* MessageView.swift */; };
		CF964F192D943CE20038AEAD /* Image+extension.swift in Sources */ = {isa = PBXBuildFile; fileRef = CF964F182D943CE20038AEAD /* Image+extension.swift */; };
		CF964F282D943DDA0038AEAD /* ChatScreen.swift in Sources */ = {isa = PBXBuildFile; fileRef = CF964F272D943DDA0038AEAD /* ChatScreen.swift */; };
		CF964F2A2D943DE60038AEAD /* ChatViewModel.swift in Sources */ = {isa = PBXBuildFile; fileRef = CF964F292D943DE60038AEAD /* ChatViewModel.swift */; };
/* End PBXBuildFile section */

/* Begin PBXContainerItemProxy section */
		2EA1508C2D9353DD001ED73E /* PBXContainerItemProxy */ = {
			isa = PBXContainerItemProxy;
			containerPortal = 2EA150712D9353DC001ED73E /* Project object */;
			proxyType = 1;
			remoteGlobalIDString = 2EA150782D9353DC001ED73E;
			remoteInfo = FintechKids;
		};
		2EA150962D9353DD001ED73E /* PBXContainerItemProxy */ = {
			isa = PBXContainerItemProxy;
			containerPortal = 2EA150712D9353DC001ED73E /* Project object */;
			proxyType = 1;
			remoteGlobalIDString = 2EA150782D9353DC001ED73E;
			remoteInfo = FintechKids;
		};
/* End PBXContainerItemProxy section */

/* Begin PBXFileReference section */
		0F71F7362D97D53D00A1A407 /* DeleddaOpen-Light.ttf */ = {isa = PBXFileReference; lastKnownFileType = file; path = "DeleddaOpen-Light.ttf"; sourceTree = "<group>"; };
		0FC6DA172D949037007CB69B /* AnalyticsView.swift */ = {isa = PBXFileReference; lastKnownFileType = sourcecode.swift; path = AnalyticsView.swift; sourceTree = "<group>"; };
		0FC6DA1A2D9498D3007CB69B /* AddingExpensesView.swift */ = {isa = PBXFileReference; lastKnownFileType = sourcecode.swift; path = AddingExpensesView.swift; sourceTree = "<group>"; };
		0FC6DA1D2D95B946007CB69B /* HomeView.swift */ = {isa = PBXFileReference; lastKnownFileType = sourcecode.swift; path = HomeView.swift; sourceTree = "<group>"; };
		0FC6DA212D95CC73007CB69B /* PdfDocumentPicker.swift */ = {isa = PBXFileReference; lastKnownFileType = sourcecode.swift; path = PdfDocumentPicker.swift; sourceTree = "<group>"; };
		2E1F4C002D95F3AA0024F7B2 /* GoalsViewModel.swift */ = {isa = PBXFileReference; lastKnownFileType = sourcecode.swift; path = GoalsViewModel.swift; sourceTree = "<group>"; };
		2E5BA62C2D9605D30015C665 /* ProgressBar.swift */ = {isa = PBXFileReference; lastKnownFileType = sourcecode.swift; path = ProgressBar.swift; sourceTree = "<group>"; };
		2EA150792D9353DC001ED73E /* FintechKids.app */ = {isa = PBXFileReference; explicitFileType = wrapper.application; includeInIndex = 0; path = FintechKids.app; sourceTree = BUILT_PRODUCTS_DIR; };
		2EA1507C2D9353DC001ED73E /* FintechKidsApp.swift */ = {isa = PBXFileReference; lastKnownFileType = sourcecode.swift; path = FintechKidsApp.swift; sourceTree = "<group>"; };
		2EA1507E2D9353DC001ED73E /* ContentView.swift */ = {isa = PBXFileReference; lastKnownFileType = sourcecode.swift; path = ContentView.swift; sourceTree = "<group>"; };
		2EA150822D9353DD001ED73E /* Assets.xcassets */ = {isa = PBXFileReference; lastKnownFileType = folder.assetcatalog; path = Assets.xcassets; sourceTree = "<group>"; };
		2EA150852D9353DD001ED73E /* Preview Assets.xcassets */ = {isa = PBXFileReference; lastKnownFileType = folder.assetcatalog; path = "Preview Assets.xcassets"; sourceTree = "<group>"; };
		2EA1508B2D9353DD001ED73E /* FintechKidsTests.xctest */ = {isa = PBXFileReference; explicitFileType = wrapper.cfbundle; includeInIndex = 0; path = FintechKidsTests.xctest; sourceTree = BUILT_PRODUCTS_DIR; };
		2EA1508F2D9353DD001ED73E /* FintechKidsTests.swift */ = {isa = PBXFileReference; lastKnownFileType = sourcecode.swift; path = FintechKidsTests.swift; sourceTree = "<group>"; };
		2EA150952D9353DD001ED73E /* FintechKidsUITests.xctest */ = {isa = PBXFileReference; explicitFileType = wrapper.cfbundle; includeInIndex = 0; path = FintechKidsUITests.xctest; sourceTree = BUILT_PRODUCTS_DIR; };
		2EA150992D9353DD001ED73E /* FintechKidsUITests.swift */ = {isa = PBXFileReference; lastKnownFileType = sourcecode.swift; path = FintechKidsUITests.swift; sourceTree = "<group>"; };
		2EA1509B2D9353DD001ED73E /* FintechKidsUITestsLaunchTests.swift */ = {isa = PBXFileReference; lastKnownFileType = sourcecode.swift; path = FintechKidsUITestsLaunchTests.swift; sourceTree = "<group>"; };
		2EA150AE2D9387E7001ED73E /* TabBar.swift */ = {isa = PBXFileReference; lastKnownFileType = sourcecode.swift; path = TabBar.swift; sourceTree = "<group>"; };
		2EA1515A2D94AE2C001ED73E /* GoalCardView.swift */ = {isa = PBXFileReference; lastKnownFileType = sourcecode.swift; path = GoalCardView.swift; sourceTree = "<group>"; };
		2EA1515D2D94B5FE001ED73E /* FrontSideGoalCardView.swift */ = {isa = PBXFileReference; lastKnownFileType = sourcecode.swift; path = FrontSideGoalCardView.swift; sourceTree = "<group>"; };
		2EA1515F2D94B617001ED73E /* BackSideGoalCardView.swift */ = {isa = PBXFileReference; lastKnownFileType = sourcecode.swift; path = BackSideGoalCardView.swift; sourceTree = "<group>"; };
		2EA151612D9536B6001ED73E /* FlipOpacity.swift */ = {isa = PBXFileReference; lastKnownFileType = sourcecode.swift; path = FlipOpacity.swift; sourceTree = "<group>"; };
		2EA151632D954BA7001ED73E /* DateExtension.swift */ = {isa = PBXFileReference; lastKnownFileType = sourcecode.swift; path = DateExtension.swift; sourceTree = "<group>"; };
		2EA151652D954C5B001ED73E /* GoalModel.swift */ = {isa = PBXFileReference; lastKnownFileType = sourcecode.swift; path = GoalModel.swift; sourceTree = "<group>"; };
		2EA1516A2D958124001ED73E /* GoalsView.swift */ = {isa = PBXFileReference; lastKnownFileType = sourcecode.swift; path = GoalsView.swift; sourceTree = "<group>"; };
		53B3D6F32D96CA1E00B31D2D /* StatementController.swift */ = {isa = PBXFileReference; lastKnownFileType = sourcecode.swift; path = StatementController.swift; sourceTree = "<group>"; };
		53B3D6F42D96CA1E00B31D2D /* StatementFileStore.swift */ = {isa = PBXFileReference; lastKnownFileType = sourcecode.swift; path = StatementFileStore.swift; sourceTree = "<group>"; };
		53B3D6F52D96CA1E00B31D2D /* LLMService.swift */ = {isa = PBXFileReference; lastKnownFileType = sourcecode.swift; path = LLMService.swift; sourceTree = "<group>"; };
		53B3D6F62D96CA1E00B31D2D /* StatementPDFToStringConverter.swift */ = {isa = PBXFileReference; lastKnownFileType = sourcecode.swift; path = StatementPDFToStringConverter.swift; sourceTree = "<group>"; };
		53B3D6FC2D96CA3900B31D2D /* FileServiceError.swift */ = {isa = PBXFileReference; lastKnownFileType = sourcecode.swift; path = FileServiceError.swift; sourceTree = "<group>"; };
		53B3D6FD2D96CA3900B31D2D /* NetworkingError.swift */ = {isa = PBXFileReference; lastKnownFileType = sourcecode.swift; path = NetworkingError.swift; sourceTree = "<group>"; };
		53B3D6FE2D96CA3900B31D2D /* PDFError.swift */ = {isa = PBXFileReference; lastKnownFileType = sourcecode.swift; path = PDFError.swift; sourceTree = "<group>"; };
		53B3D7032D96CA6600B31D2D /* APIResponse.swift */ = {isa = PBXFileReference; lastKnownFileType = sourcecode.swift; path = APIResponse.swift; sourceTree = "<group>"; };
		53B3D7042D96CA6600B31D2D /* Choices.swift */ = {isa = PBXFileReference; lastKnownFileType = sourcecode.swift; path = Choices.swift; sourceTree = "<group>"; };
		53B3D7052D96CA6600B31D2D /* MessageRequest.swift */ = {isa = PBXFileReference; lastKnownFileType = sourcecode.swift; path = MessageRequest.swift; sourceTree = "<group>"; };
		53B3D7062D96CA6600B31D2D /* MessageContent.swift */ = {isa = PBXFileReference; lastKnownFileType = sourcecode.swift; path = MessageContent.swift; sourceTree = "<group>"; };
		53B3D7072D96CA6600B31D2D /* MessageResponse.swift */ = {isa = PBXFileReference; lastKnownFileType = sourcecode.swift; path = MessageResponse.swift; sourceTree = "<group>"; };
		53B3D7082D96CA6600B31D2D /* Prompt.swift */ = {isa = PBXFileReference; lastKnownFileType = sourcecode.swift; path = Prompt.swift; sourceTree = "<group>"; };
		53B3D7092D96CA6600B31D2D /* RequestBody.swift */ = {isa = PBXFileReference; lastKnownFileType = sourcecode.swift; path = RequestBody.swift; sourceTree = "<group>"; };
		53B3D7122D96CB4F00B31D2D /* Transaction.swift */ = {isa = PBXFileReference; lastKnownFileType = sourcecode.swift; path = Transaction.swift; sourceTree = "<group>"; };
		53B3D7162D96E9AE00B31D2D /* StatementService.swift */ = {isa = PBXFileReference; lastKnownFileType = sourcecode.swift; path = StatementService.swift; sourceTree = "<group>"; };
		53B3D7262D97CFEF00B31D2D /* TextToTransactionConverter.swift */ = {isa = PBXFileReference; lastKnownFileType = sourcecode.swift; path = TextToTransactionConverter.swift; sourceTree = "<group>"; };
		56A2DDE62D95833500F853B3 /* SettingsView.swift */ = {isa = PBXFileReference; lastKnownFileType = sourcecode.swift; path = SettingsView.swift; sourceTree = "<group>"; };
		83869DA82D9499D2000A1EFD /* CardGameRound.swift */ = {isa = PBXFileReference; lastKnownFileType = sourcecode.swift; path = CardGameRound.swift; sourceTree = "<group>"; };
		83869DA92D9499D2000A1EFD /* CardGameView.swift */ = {isa = PBXFileReference; lastKnownFileType = sourcecode.swift; path = CardGameView.swift; sourceTree = "<group>"; };
		83869DAA2D9499D2000A1EFD /* CardGameViewModel.swift */ = {isa = PBXFileReference; lastKnownFileType = sourcecode.swift; path = CardGameViewModel.swift; sourceTree = "<group>"; };
		8390DB9E2D9869F900A414FD /* Info.plist */ = {isa = PBXFileReference; lastKnownFileType = text.plist; path = Info.plist; sourceTree = "<group>"; };
		83A6E9632D9588930007B577 /* CardGame.txt */ = {isa = PBXFileReference; lastKnownFileType = text; path = CardGame.txt; sourceTree = "<group>"; };
		83A6E9652D95945E0007B577 /* Storage.swift */ = {isa = PBXFileReference; lastKnownFileType = sourcecode.swift; name = Storage.swift; path = FintechKids/StorageModule/Storage.swift; sourceTree = "<group>"; };
		CF1A23922D9461360032844E /* MessageView.swift */ = {isa = PBXFileReference; lastKnownFileType = sourcecode.swift; path = MessageView.swift; sourceTree = "<group>"; };
		CF964F182D943CE20038AEAD /* Image+extension.swift */ = {isa = PBXFileReference; lastKnownFileType = sourcecode.swift; path = "Image+extension.swift"; sourceTree = "<group>"; };
		CF964F272D943DDA0038AEAD /* ChatScreen.swift */ = {isa = PBXFileReference; lastKnownFileType = sourcecode.swift; path = ChatScreen.swift; sourceTree = "<group>"; };
		CF964F292D943DE60038AEAD /* ChatViewModel.swift */ = {isa = PBXFileReference; lastKnownFileType = sourcecode.swift; path = ChatViewModel.swift; sourceTree = "<group>"; };
/* End PBXFileReference section */

/* Begin PBXFrameworksBuildPhase section */
		2EA150762D9353DC001ED73E /* Frameworks */ = {
			isa = PBXFrameworksBuildPhase;
			buildActionMask = 2147483647;
			files = (
			);
			runOnlyForDeploymentPostprocessing = 0;
		};
		2EA150882D9353DD001ED73E /* Frameworks */ = {
			isa = PBXFrameworksBuildPhase;
			buildActionMask = 2147483647;
			files = (
			);
			runOnlyForDeploymentPostprocessing = 0;
		};
		2EA150922D9353DD001ED73E /* Frameworks */ = {
			isa = PBXFrameworksBuildPhase;
			buildActionMask = 2147483647;
			files = (
			);
			runOnlyForDeploymentPostprocessing = 0;
		};
/* End PBXFrameworksBuildPhase section */

/* Begin PBXGroup section */
		0FC6DA162D94900F007CB69B /* AnalyticsModule */ = {
			isa = PBXGroup;
			children = (
				0FC6DA192D949874007CB69B /* AddingExpensesModule */,
				0FC6DA172D949037007CB69B /* AnalyticsView.swift */,
				0FC6DA212D95CC73007CB69B /* PdfDocumentPicker.swift */,
			);
			path = AnalyticsModule;
			sourceTree = "<group>";
		};
		0FC6DA192D949874007CB69B /* AddingExpensesModule */ = {
			isa = PBXGroup;
			children = (
				0FC6DA1A2D9498D3007CB69B /* AddingExpensesView.swift */,
			);
			path = AddingExpensesModule;
			sourceTree = "<group>";
		};
		0FC6DA1C2D95B929007CB69B /* HomeModule */ = {
			isa = PBXGroup;
			children = (
				0FC6DA1D2D95B946007CB69B /* HomeView.swift */,
			);
			path = HomeModule;
			sourceTree = "<group>";
		};
		2E1F4BFE2D95EFBA0024F7B2 /* Models */ = {
			isa = PBXGroup;
			children = (
				2EA151652D954C5B001ED73E /* GoalModel.swift */,
			);
			path = Models;
			sourceTree = "<group>";
		};
		2E1F4BFF2D95F3960024F7B2 /* ViewModels */ = {
			isa = PBXGroup;
			children = (
				2E1F4C002D95F3AA0024F7B2 /* GoalsViewModel.swift */,
			);
			path = ViewModels;
			sourceTree = "<group>";
		};
		2E1F4C042D95F3C20024F7B2 /* View */ = {
			isa = PBXGroup;
			children = (
				2EA151612D9536B6001ED73E /* FlipOpacity.swift */,
				2EA1515D2D94B5FE001ED73E /* FrontSideGoalCardView.swift */,
				2EA1515F2D94B617001ED73E /* BackSideGoalCardView.swift */,
				2EA1515A2D94AE2C001ED73E /* GoalCardView.swift */,
				2EA1516A2D958124001ED73E /* GoalsView.swift */,
				2E5BA62C2D9605D30015C665 /* ProgressBar.swift */,
			);
			path = View;
			sourceTree = "<group>";
		};
		2EA150702D9353DC001ED73E = {
			isa = PBXGroup;
			children = (
				83A6E9652D95945E0007B577 /* Storage.swift */,
				2EA1507B2D9353DC001ED73E /* FintechKids */,
				2EA1508E2D9353DD001ED73E /* FintechKidsTests */,
				2EA150982D9353DD001ED73E /* FintechKidsUITests */,
				2EA1507A2D9353DC001ED73E /* Products */,
			);
			sourceTree = "<group>";
		};
		2EA1507A2D9353DC001ED73E /* Products */ = {
			isa = PBXGroup;
			children = (
				2EA150792D9353DC001ED73E /* FintechKids.app */,
				2EA1508B2D9353DD001ED73E /* FintechKidsTests.xctest */,
				2EA150952D9353DD001ED73E /* FintechKidsUITests.xctest */,
			);
			name = Products;
			sourceTree = "<group>";
		};
		2EA1507B2D9353DC001ED73E /* FintechKids */ = {
			isa = PBXGroup;
			children = (
				8390DB9E2D9869F900A414FD /* Info.plist */,
				53B3D70A2D96CA6600B31D2D /* Model */,
				53B3D6F72D96CA1E00B31D2D /* Service */,
				53B3D6FF2D96CA3900B31D2D /* Errors */,
				2EA1507C2D9353DC001ED73E /* FintechKidsApp.swift */,
				2EA151572D94A9B1001ED73E /* Shared */,
				2EA151562D94A98B001ED73E /* Modules */,
				2EA151592D94ABDF001ED73E /* Navigation */,
				0F71F7362D97D53D00A1A407 /* DeleddaOpen-Light.ttf */,
				2EA150822D9353DD001ED73E /* Assets.xcassets */,
				2EA150842D9353DD001ED73E /* Preview Content */,
			);
			path = FintechKids;
			sourceTree = "<group>";
		};
		2EA150842D9353DD001ED73E /* Preview Content */ = {
			isa = PBXGroup;
			children = (
				2EA150852D9353DD001ED73E /* Preview Assets.xcassets */,
			);
			path = "Preview Content";
			sourceTree = "<group>";
		};
		2EA1508E2D9353DD001ED73E /* FintechKidsTests */ = {
			isa = PBXGroup;
			children = (
				2EA1508F2D9353DD001ED73E /* FintechKidsTests.swift */,
			);
			path = FintechKidsTests;
			sourceTree = "<group>";
		};
		2EA150982D9353DD001ED73E /* FintechKidsUITests */ = {
			isa = PBXGroup;
			children = (
				2EA150992D9353DD001ED73E /* FintechKidsUITests.swift */,
				2EA1509B2D9353DD001ED73E /* FintechKidsUITestsLaunchTests.swift */,
			);
			path = FintechKidsUITests;
			sourceTree = "<group>";
		};
		2EA151552D94A977001ED73E /* Goal */ = {
			isa = PBXGroup;
			children = (
				2E1F4C042D95F3C20024F7B2 /* View */,
				2E1F4BFF2D95F3960024F7B2 /* ViewModels */,
				2E1F4BFE2D95EFBA0024F7B2 /* Models */,
			);
			path = Goal;
			sourceTree = "<group>";
		};
		2EA151562D94A98B001ED73E /* Modules */ = {
			isa = PBXGroup;
			children = (
				0FC6DA1C2D95B929007CB69B /* HomeModule */,
				56A2DDE52D95831900F853B3 /* SettingsModule */,
				0FC6DA162D94900F007CB69B /* AnalyticsModule */,
				83869DAD2D9499D2000A1EFD /* CardsGame */,
				CF964F262D943D920038AEAD /* ChatScreen */,
				2EA151552D94A977001ED73E /* Goal */,
			);
			path = Modules;
			sourceTree = "<group>";
		};
		2EA151572D94A9B1001ED73E /* Shared */ = {
			isa = PBXGroup;
			children = (
				2EA151582D94A9B6001ED73E /* Extensions */,
			);
			path = Shared;
			sourceTree = "<group>";
		};
		2EA151582D94A9B6001ED73E /* Extensions */ = {
			isa = PBXGroup;
			children = (
				CF964F172D943CCE0038AEAD /* Image+extension */,
			);
			path = Extensions;
			sourceTree = "<group>";
		};
		2EA151592D94ABDF001ED73E /* Navigation */ = {
			isa = PBXGroup;
			children = (
				2EA1507E2D9353DC001ED73E /* ContentView.swift */,
				2EA150AE2D9387E7001ED73E /* TabBar.swift */,
			);
			path = Navigation;
			sourceTree = "<group>";
		};
		53B3D6F72D96CA1E00B31D2D /* Service */ = {
			isa = PBXGroup;
			children = (
				53B3D7262D97CFEF00B31D2D /* TextToTransactionConverter.swift */,
				53B3D6F32D96CA1E00B31D2D /* StatementController.swift */,
				53B3D6F42D96CA1E00B31D2D /* StatementFileStore.swift */,
				53B3D6F52D96CA1E00B31D2D /* LLMService.swift */,
				53B3D6F62D96CA1E00B31D2D /* StatementPDFToStringConverter.swift */,
				53B3D7162D96E9AE00B31D2D /* StatementService.swift */,
			);
			path = Service;
			sourceTree = "<group>";
		};
		53B3D6FF2D96CA3900B31D2D /* Errors */ = {
			isa = PBXGroup;
			children = (
				53B3D6FC2D96CA3900B31D2D /* FileServiceError.swift */,
				53B3D6FD2D96CA3900B31D2D /* NetworkingError.swift */,
				53B3D6FE2D96CA3900B31D2D /* PDFError.swift */,
			);
			path = Errors;
			sourceTree = "<group>";
		};
		53B3D70A2D96CA6600B31D2D /* Model */ = {
			isa = PBXGroup;
			children = (
				53B3D7032D96CA6600B31D2D /* APIResponse.swift */,
				53B3D7042D96CA6600B31D2D /* Choices.swift */,
				53B3D7052D96CA6600B31D2D /* MessageRequest.swift */,
				53B3D7062D96CA6600B31D2D /* MessageContent.swift */,
				53B3D7072D96CA6600B31D2D /* MessageResponse.swift */,
				53B3D7082D96CA6600B31D2D /* Prompt.swift */,
				53B3D7092D96CA6600B31D2D /* RequestBody.swift */,
				53B3D7122D96CB4F00B31D2D /* Transaction.swift */,
			);
			path = Model;
			sourceTree = "<group>";
		};
		56A2DDE52D95831900F853B3 /* SettingsModule */ = {
			isa = PBXGroup;
			children = (
				56A2DDE62D95833500F853B3 /* SettingsView.swift */,
			);
			path = SettingsModule;
			sourceTree = "<group>";
		};
		83869DAD2D9499D2000A1EFD /* CardsGame */ = {
			isa = PBXGroup;
			children = (
				83869DA82D9499D2000A1EFD /* CardGameRound.swift */,
				83869DA92D9499D2000A1EFD /* CardGameView.swift */,
				83869DAA2D9499D2000A1EFD /* CardGameViewModel.swift */,
				83A6E9632D9588930007B577 /* CardGame.txt */,
			);
			path = CardsGame;
			sourceTree = "<group>";
		};
		CF964F172D943CCE0038AEAD /* Image+extension */ = {
			isa = PBXGroup;
			children = (
				CF964F182D943CE20038AEAD /* Image+extension.swift */,
				2EA151632D954BA7001ED73E /* DateExtension.swift */,
			);
			path = "Image+extension";
			sourceTree = "<group>";
		};
		CF964F262D943D920038AEAD /* ChatScreen */ = {
			isa = PBXGroup;
			children = (
				CF964F272D943DDA0038AEAD /* ChatScreen.swift */,
				CF1A23922D9461360032844E /* MessageView.swift */,
				CF964F292D943DE60038AEAD /* ChatViewModel.swift */,
			);
			path = ChatScreen;
			sourceTree = "<group>";
		};
/* End PBXGroup section */

/* Begin PBXNativeTarget section */
		2EA150782D9353DC001ED73E /* FintechKids */ = {
			isa = PBXNativeTarget;
			buildConfigurationList = 2EA1509F2D9353DD001ED73E /* Build configuration list for PBXNativeTarget "FintechKids" */;
			buildPhases = (
				2EA150752D9353DC001ED73E /* Sources */,
				2EA150762D9353DC001ED73E /* Frameworks */,
				2EA150772D9353DC001ED73E /* Resources */,
			);
			buildRules = (
			);
			dependencies = (
			);
			name = FintechKids;
			productName = FintechKids;
			productReference = 2EA150792D9353DC001ED73E /* FintechKids.app */;
			productType = "com.apple.product-type.application";
		};
		2EA1508A2D9353DD001ED73E /* FintechKidsTests */ = {
			isa = PBXNativeTarget;
			buildConfigurationList = 2EA150A22D9353DD001ED73E /* Build configuration list for PBXNativeTarget "FintechKidsTests" */;
			buildPhases = (
				2EA150872D9353DD001ED73E /* Sources */,
				2EA150882D9353DD001ED73E /* Frameworks */,
				2EA150892D9353DD001ED73E /* Resources */,
			);
			buildRules = (
			);
			dependencies = (
				2EA1508D2D9353DD001ED73E /* PBXTargetDependency */,
			);
			name = FintechKidsTests;
			productName = FintechKidsTests;
			productReference = 2EA1508B2D9353DD001ED73E /* FintechKidsTests.xctest */;
			productType = "com.apple.product-type.bundle.unit-test";
		};
		2EA150942D9353DD001ED73E /* FintechKidsUITests */ = {
			isa = PBXNativeTarget;
			buildConfigurationList = 2EA150A52D9353DD001ED73E /* Build configuration list for PBXNativeTarget "FintechKidsUITests" */;
			buildPhases = (
				2EA150912D9353DD001ED73E /* Sources */,
				2EA150922D9353DD001ED73E /* Frameworks */,
				2EA150932D9353DD001ED73E /* Resources */,
			);
			buildRules = (
			);
			dependencies = (
				2EA150972D9353DD001ED73E /* PBXTargetDependency */,
			);
			name = FintechKidsUITests;
			productName = FintechKidsUITests;
			productReference = 2EA150952D9353DD001ED73E /* FintechKidsUITests.xctest */;
			productType = "com.apple.product-type.bundle.ui-testing";
		};
/* End PBXNativeTarget section */

/* Begin PBXProject section */
		2EA150712D9353DC001ED73E /* Project object */ = {
			isa = PBXProject;
			attributes = {
				BuildIndependentTargetsInParallel = 1;
				LastSwiftUpdateCheck = 1540;
				LastUpgradeCheck = 1540;
				TargetAttributes = {
					2EA150782D9353DC001ED73E = {
						CreatedOnToolsVersion = 15.4;
					};
					2EA1508A2D9353DD001ED73E = {
						CreatedOnToolsVersion = 15.4;
						TestTargetID = 2EA150782D9353DC001ED73E;
					};
					2EA150942D9353DD001ED73E = {
						CreatedOnToolsVersion = 15.4;
						TestTargetID = 2EA150782D9353DC001ED73E;
					};
				};
			};
			buildConfigurationList = 2EA150742D9353DC001ED73E /* Build configuration list for PBXProject "FintechKids" */;
			compatibilityVersion = "Xcode 14.0";
			developmentRegion = en;
			hasScannedForEncodings = 0;
			knownRegions = (
				en,
				Base,
			);
			mainGroup = 2EA150702D9353DC001ED73E;
			productRefGroup = 2EA1507A2D9353DC001ED73E /* Products */;
			projectDirPath = "";
			projectRoot = "";
			targets = (
				2EA150782D9353DC001ED73E /* FintechKids */,
				2EA1508A2D9353DD001ED73E /* FintechKidsTests */,
				2EA150942D9353DD001ED73E /* FintechKidsUITests */,
			);
		};
/* End PBXProject section */

/* Begin PBXResourcesBuildPhase section */
		2EA150772D9353DC001ED73E /* Resources */ = {
			isa = PBXResourcesBuildPhase;
			buildActionMask = 2147483647;
			files = (
				8390DB9F2D986C2600A414FD /* DeleddaOpen-Light.ttf in Resources */,
				2EA150862D9353DD001ED73E /* Preview Assets.xcassets in Resources */,
				83A6E9642D95889E0007B577 /* CardGame.txt in Resources */,
				2EA150832D9353DD001ED73E /* Assets.xcassets in Resources */,
			);
			runOnlyForDeploymentPostprocessing = 0;
		};
		2EA150892D9353DD001ED73E /* Resources */ = {
			isa = PBXResourcesBuildPhase;
			buildActionMask = 2147483647;
			files = (
			);
			runOnlyForDeploymentPostprocessing = 0;
		};
		2EA150932D9353DD001ED73E /* Resources */ = {
			isa = PBXResourcesBuildPhase;
			buildActionMask = 2147483647;
			files = (
			);
			runOnlyForDeploymentPostprocessing = 0;
		};
/* End PBXResourcesBuildPhase section */

/* Begin PBXSourcesBuildPhase section */
		2EA150752D9353DC001ED73E /* Sources */ = {
			isa = PBXSourcesBuildPhase;
			buildActionMask = 2147483647;
			files = (
				2EA1507F2D9353DC001ED73E /* ContentView.swift in Sources */,
				53B3D7172D96E9AE00B31D2D /* StatementService.swift in Sources */,
				0FC6DA182D949037007CB69B /* AnalyticsView.swift in Sources */,
				2EA151642D954BA7001ED73E /* DateExtension.swift in Sources */,
				83A6E9662D95945E0007B577 /* Storage.swift in Sources */,
				CF964F2A2D943DE60038AEAD /* ChatViewModel.swift in Sources */,
				2EA1515E2D94B5FE001ED73E /* FrontSideGoalCardView.swift in Sources */,
				CF964F282D943DDA0038AEAD /* ChatScreen.swift in Sources */,
				53B3D6F82D96CA1E00B31D2D /* StatementController.swift in Sources */,
				53B3D6F92D96CA1E00B31D2D /* StatementPDFToStringConverter.swift in Sources */,
				53B3D6FA2D96CA1E00B31D2D /* LLMService.swift in Sources */,
				53B3D6FB2D96CA1E00B31D2D /* StatementFileStore.swift in Sources */,
				0FC6DA1B2D9498D3007CB69B /* AddingExpensesView.swift in Sources */,
				CF964F192D943CE20038AEAD /* Image+extension.swift in Sources */,
				CF1A23932D9461360032844E /* MessageView.swift in Sources */,
				53B3D7002D96CA3900B31D2D /* FileServiceError.swift in Sources */,
				53B3D7012D96CA3900B31D2D /* PDFError.swift in Sources */,
				53B3D7022D96CA3900B31D2D /* NetworkingError.swift in Sources */,
				53B3D7272D97CFEF00B31D2D /* TextToTransactionConverter.swift in Sources */,
				83869DAE2D9499D2000A1EFD /* CardGameRound.swift in Sources */,
				83869DAE2D9499D2000A1EFD /* CardGameRound.swift in Sources */,
				83869DAF2D9499D2000A1EFD /* CardGameView.swift in Sources */,
				83869DB22D9499D2000A1EFD /* CardGameViewModel.swift in Sources */,
				2EA150AF2D9387E7001ED73E /* TabBar.swift in Sources */,
				2EA151602D94B617001ED73E /* BackSideGoalCardView.swift in Sources */,
				2EA1516B2D958124001ED73E /* GoalsView.swift in Sources */,
				53B3D70B2D96CA6600B31D2D /* Prompt.swift in Sources */,
				53B3D70C2D96CA6600B31D2D /* APIResponse.swift in Sources */,
				53B3D70D2D96CA6600B31D2D /* MessageContent.swift in Sources */,
				53B3D70E2D96CA6600B31D2D /* MessageRequest.swift in Sources */,
				53B3D70F2D96CA6600B31D2D /* Choices.swift in Sources */,
				53B3D7102D96CA6600B31D2D /* MessageResponse.swift in Sources */,
				53B3D7112D96CA6600B31D2D /* RequestBody.swift in Sources */,
				0FC6DA1E2D95B946007CB69B /* HomeView.swift in Sources */,
				2E1F4C012D95F3AA0024F7B2 /* GoalsViewModel.swift in Sources */,
				2EA151622D9536B6001ED73E /* FlipOpacity.swift in Sources */,
				2EA151662D954C5B001ED73E /* GoalModel.swift in Sources */,
				53B3D7132D96CB4F00B31D2D /* Transaction.swift in Sources */,
				2EA1515B2D94AE2C001ED73E /* GoalCardView.swift in Sources */,
				2EA1507D2D9353DC001ED73E /* FintechKidsApp.swift in Sources */,
				56A2DDE72D95833500F853B3 /* SettingsView.swift in Sources */,
				2E5BA62D2D9605D30015C665 /* ProgressBar.swift in Sources */,
				0FC6DA222D95CC73007CB69B /* PdfDocumentPicker.swift in Sources */,
			);
			runOnlyForDeploymentPostprocessing = 0;
		};
		2EA150872D9353DD001ED73E /* Sources */ = {
			isa = PBXSourcesBuildPhase;
			buildActionMask = 2147483647;
			files = (
				2EA150902D9353DD001ED73E /* FintechKidsTests.swift in Sources */,
			);
			runOnlyForDeploymentPostprocessing = 0;
		};
		2EA150912D9353DD001ED73E /* Sources */ = {
			isa = PBXSourcesBuildPhase;
			buildActionMask = 2147483647;
			files = (
				2EA1509A2D9353DD001ED73E /* FintechKidsUITests.swift in Sources */,
				2EA1509C2D9353DD001ED73E /* FintechKidsUITestsLaunchTests.swift in Sources */,
			);
			runOnlyForDeploymentPostprocessing = 0;
		};
/* End PBXSourcesBuildPhase section */

/* Begin PBXTargetDependency section */
		2EA1508D2D9353DD001ED73E /* PBXTargetDependency */ = {
			isa = PBXTargetDependency;
			target = 2EA150782D9353DC001ED73E /* FintechKids */;
			targetProxy = 2EA1508C2D9353DD001ED73E /* PBXContainerItemProxy */;
		};
		2EA150972D9353DD001ED73E /* PBXTargetDependency */ = {
			isa = PBXTargetDependency;
			target = 2EA150782D9353DC001ED73E /* FintechKids */;
			targetProxy = 2EA150962D9353DD001ED73E /* PBXContainerItemProxy */;
		};
/* End PBXTargetDependency section */

/* Begin XCBuildConfiguration section */
		2EA1509D2D9353DD001ED73E /* Debug */ = {
			isa = XCBuildConfiguration;
			buildSettings = {
				ALWAYS_SEARCH_USER_PATHS = NO;
				ASSETCATALOG_COMPILER_GENERATE_SWIFT_ASSET_SYMBOL_EXTENSIONS = YES;
				CLANG_ANALYZER_NONNULL = YES;
				CLANG_ANALYZER_NUMBER_OBJECT_CONVERSION = YES_AGGRESSIVE;
				CLANG_CXX_LANGUAGE_STANDARD = "gnu++20";
				CLANG_ENABLE_MODULES = YES;
				CLANG_ENABLE_OBJC_ARC = YES;
				CLANG_ENABLE_OBJC_WEAK = YES;
				CLANG_WARN_BLOCK_CAPTURE_AUTORELEASING = YES;
				CLANG_WARN_BOOL_CONVERSION = YES;
				CLANG_WARN_COMMA = YES;
				CLANG_WARN_CONSTANT_CONVERSION = YES;
				CLANG_WARN_DEPRECATED_OBJC_IMPLEMENTATIONS = YES;
				CLANG_WARN_DIRECT_OBJC_ISA_USAGE = YES_ERROR;
				CLANG_WARN_DOCUMENTATION_COMMENTS = YES;
				CLANG_WARN_EMPTY_BODY = YES;
				CLANG_WARN_ENUM_CONVERSION = YES;
				CLANG_WARN_INFINITE_RECURSION = YES;
				CLANG_WARN_INT_CONVERSION = YES;
				CLANG_WARN_NON_LITERAL_NULL_CONVERSION = YES;
				CLANG_WARN_OBJC_IMPLICIT_RETAIN_SELF = YES;
				CLANG_WARN_OBJC_LITERAL_CONVERSION = YES;
				CLANG_WARN_OBJC_ROOT_CLASS = YES_ERROR;
				CLANG_WARN_QUOTED_INCLUDE_IN_FRAMEWORK_HEADER = YES;
				CLANG_WARN_RANGE_LOOP_ANALYSIS = YES;
				CLANG_WARN_STRICT_PROTOTYPES = YES;
				CLANG_WARN_SUSPICIOUS_MOVE = YES;
				CLANG_WARN_UNGUARDED_AVAILABILITY = YES_AGGRESSIVE;
				CLANG_WARN_UNREACHABLE_CODE = YES;
				CLANG_WARN__DUPLICATE_METHOD_MATCH = YES;
				COPY_PHASE_STRIP = NO;
				DEBUG_INFORMATION_FORMAT = dwarf;
				ENABLE_STRICT_OBJC_MSGSEND = YES;
				ENABLE_TESTABILITY = YES;
				ENABLE_USER_SCRIPT_SANDBOXING = YES;
				GCC_C_LANGUAGE_STANDARD = gnu17;
				GCC_DYNAMIC_NO_PIC = NO;
				GCC_NO_COMMON_BLOCKS = YES;
				GCC_OPTIMIZATION_LEVEL = 0;
				GCC_PREPROCESSOR_DEFINITIONS = (
					"DEBUG=1",
					"$(inherited)",
				);
				GCC_WARN_64_TO_32_BIT_CONVERSION = YES;
				GCC_WARN_ABOUT_RETURN_TYPE = YES_ERROR;
				GCC_WARN_UNDECLARED_SELECTOR = YES;
				GCC_WARN_UNINITIALIZED_AUTOS = YES_AGGRESSIVE;
				GCC_WARN_UNUSED_FUNCTION = YES;
				GCC_WARN_UNUSED_VARIABLE = YES;
				IPHONEOS_DEPLOYMENT_TARGET = 17.5;
				LOCALIZATION_PREFERS_STRING_CATALOGS = YES;
				MTL_ENABLE_DEBUG_INFO = INCLUDE_SOURCE;
				MTL_FAST_MATH = YES;
				ONLY_ACTIVE_ARCH = YES;
				SDKROOT = iphoneos;
				SWIFT_ACTIVE_COMPILATION_CONDITIONS = "DEBUG $(inherited)";
				SWIFT_OPTIMIZATION_LEVEL = "-Onone";
			};
			name = Debug;
		};
		2EA1509E2D9353DD001ED73E /* Release */ = {
			isa = XCBuildConfiguration;
			buildSettings = {
				ALWAYS_SEARCH_USER_PATHS = NO;
				ASSETCATALOG_COMPILER_GENERATE_SWIFT_ASSET_SYMBOL_EXTENSIONS = YES;
				CLANG_ANALYZER_NONNULL = YES;
				CLANG_ANALYZER_NUMBER_OBJECT_CONVERSION = YES_AGGRESSIVE;
				CLANG_CXX_LANGUAGE_STANDARD = "gnu++20";
				CLANG_ENABLE_MODULES = YES;
				CLANG_ENABLE_OBJC_ARC = YES;
				CLANG_ENABLE_OBJC_WEAK = YES;
				CLANG_WARN_BLOCK_CAPTURE_AUTORELEASING = YES;
				CLANG_WARN_BOOL_CONVERSION = YES;
				CLANG_WARN_COMMA = YES;
				CLANG_WARN_CONSTANT_CONVERSION = YES;
				CLANG_WARN_DEPRECATED_OBJC_IMPLEMENTATIONS = YES;
				CLANG_WARN_DIRECT_OBJC_ISA_USAGE = YES_ERROR;
				CLANG_WARN_DOCUMENTATION_COMMENTS = YES;
				CLANG_WARN_EMPTY_BODY = YES;
				CLANG_WARN_ENUM_CONVERSION = YES;
				CLANG_WARN_INFINITE_RECURSION = YES;
				CLANG_WARN_INT_CONVERSION = YES;
				CLANG_WARN_NON_LITERAL_NULL_CONVERSION = YES;
				CLANG_WARN_OBJC_IMPLICIT_RETAIN_SELF = YES;
				CLANG_WARN_OBJC_LITERAL_CONVERSION = YES;
				CLANG_WARN_OBJC_ROOT_CLASS = YES_ERROR;
				CLANG_WARN_QUOTED_INCLUDE_IN_FRAMEWORK_HEADER = YES;
				CLANG_WARN_RANGE_LOOP_ANALYSIS = YES;
				CLANG_WARN_STRICT_PROTOTYPES = YES;
				CLANG_WARN_SUSPICIOUS_MOVE = YES;
				CLANG_WARN_UNGUARDED_AVAILABILITY = YES_AGGRESSIVE;
				CLANG_WARN_UNREACHABLE_CODE = YES;
				CLANG_WARN__DUPLICATE_METHOD_MATCH = YES;
				COPY_PHASE_STRIP = NO;
				DEBUG_INFORMATION_FORMAT = "dwarf-with-dsym";
				ENABLE_NS_ASSERTIONS = NO;
				ENABLE_STRICT_OBJC_MSGSEND = YES;
				ENABLE_USER_SCRIPT_SANDBOXING = YES;
				GCC_C_LANGUAGE_STANDARD = gnu17;
				GCC_NO_COMMON_BLOCKS = YES;
				GCC_WARN_64_TO_32_BIT_CONVERSION = YES;
				GCC_WARN_ABOUT_RETURN_TYPE = YES_ERROR;
				GCC_WARN_UNDECLARED_SELECTOR = YES;
				GCC_WARN_UNINITIALIZED_AUTOS = YES_AGGRESSIVE;
				GCC_WARN_UNUSED_FUNCTION = YES;
				GCC_WARN_UNUSED_VARIABLE = YES;
				IPHONEOS_DEPLOYMENT_TARGET = 17.5;
				LOCALIZATION_PREFERS_STRING_CATALOGS = YES;
				MTL_ENABLE_DEBUG_INFO = NO;
				MTL_FAST_MATH = YES;
				SDKROOT = iphoneos;
				SWIFT_COMPILATION_MODE = wholemodule;
				VALIDATE_PRODUCT = YES;
			};
			name = Release;
		};
		2EA150A02D9353DD001ED73E /* Debug */ = {
			isa = XCBuildConfiguration;
			buildSettings = {
				ASSETCATALOG_COMPILER_APPICON_NAME = AppIcon;
				ASSETCATALOG_COMPILER_GLOBAL_ACCENT_COLOR_NAME = AccentColor;
				CODE_SIGN_STYLE = Automatic;
				CURRENT_PROJECT_VERSION = 1;
				DEVELOPMENT_ASSET_PATHS = "\"FintechKids/Preview Content\"";
				DEVELOPMENT_TEAM = XNT88MR9C6;
				ENABLE_PREVIEWS = YES;
				GENERATE_INFOPLIST_FILE = YES;
				INFOPLIST_FILE = FintechKids/Info.plist;
				INFOPLIST_KEY_UIApplicationSceneManifest_Generation = YES;
				INFOPLIST_KEY_UIApplicationSupportsIndirectInputEvents = YES;
				INFOPLIST_KEY_UILaunchScreen_Generation = YES;
				INFOPLIST_KEY_UISupportedInterfaceOrientations_iPad = "UIInterfaceOrientationPortrait UIInterfaceOrientationPortraitUpsideDown UIInterfaceOrientationLandscapeLeft UIInterfaceOrientationLandscapeRight";
				INFOPLIST_KEY_UISupportedInterfaceOrientations_iPhone = "UIInterfaceOrientationPortrait UIInterfaceOrientationLandscapeLeft UIInterfaceOrientationLandscapeRight";
				IPHONEOS_DEPLOYMENT_TARGET = 17.6;
				LD_RUNPATH_SEARCH_PATHS = (
					"$(inherited)",
					"@executable_path/Frameworks",
				);
				MARKETING_VERSION = 1.0;
				PRODUCT_BUNDLE_IDENTIFIER = hse.se.FintechKids;
				PRODUCT_NAME = "$(TARGET_NAME)";
				SWIFT_EMIT_LOC_STRINGS = YES;
				SWIFT_VERSION = 5.0;
				TARGETED_DEVICE_FAMILY = "1,2";
			};
			name = Debug;
		};
		2EA150A12D9353DD001ED73E /* Release */ = {
			isa = XCBuildConfiguration;
			buildSettings = {
				ASSETCATALOG_COMPILER_APPICON_NAME = AppIcon;
				ASSETCATALOG_COMPILER_GLOBAL_ACCENT_COLOR_NAME = AccentColor;
				CODE_SIGN_STYLE = Automatic;
				CURRENT_PROJECT_VERSION = 1;
				DEVELOPMENT_ASSET_PATHS = "\"FintechKids/Preview Content\"";
				DEVELOPMENT_TEAM = XNT88MR9C6;
				ENABLE_PREVIEWS = YES;
				GENERATE_INFOPLIST_FILE = YES;
				INFOPLIST_FILE = FintechKids/Info.plist;
				INFOPLIST_KEY_UIApplicationSceneManifest_Generation = YES;
				INFOPLIST_KEY_UIApplicationSupportsIndirectInputEvents = YES;
				INFOPLIST_KEY_UILaunchScreen_Generation = YES;
				INFOPLIST_KEY_UISupportedInterfaceOrientations_iPad = "UIInterfaceOrientationPortrait UIInterfaceOrientationPortraitUpsideDown UIInterfaceOrientationLandscapeLeft UIInterfaceOrientationLandscapeRight";
				INFOPLIST_KEY_UISupportedInterfaceOrientations_iPhone = "UIInterfaceOrientationPortrait UIInterfaceOrientationLandscapeLeft UIInterfaceOrientationLandscapeRight";
				IPHONEOS_DEPLOYMENT_TARGET = 17.6;
				LD_RUNPATH_SEARCH_PATHS = (
					"$(inherited)",
					"@executable_path/Frameworks",
				);
				MARKETING_VERSION = 1.0;
				PRODUCT_BUNDLE_IDENTIFIER = hse.se.FintechKids;
				PRODUCT_NAME = "$(TARGET_NAME)";
				SWIFT_EMIT_LOC_STRINGS = YES;
				SWIFT_VERSION = 5.0;
				TARGETED_DEVICE_FAMILY = "1,2";
			};
			name = Release;
		};
		2EA150A32D9353DD001ED73E /* Debug */ = {
			isa = XCBuildConfiguration;
			buildSettings = {
				ALWAYS_EMBED_SWIFT_STANDARD_LIBRARIES = YES;
				BUNDLE_LOADER = "$(TEST_HOST)";
				CODE_SIGN_STYLE = Automatic;
				CURRENT_PROJECT_VERSION = 1;
				DEVELOPMENT_TEAM = XNT88MR9C6;
				GENERATE_INFOPLIST_FILE = YES;
				IPHONEOS_DEPLOYMENT_TARGET = 17.5;
				MARKETING_VERSION = 1.0;
				PRODUCT_BUNDLE_IDENTIFIER = hse.se.FintechKidsTests;
				PRODUCT_NAME = "$(TARGET_NAME)";
				SWIFT_EMIT_LOC_STRINGS = NO;
				SWIFT_VERSION = 5.0;
				TARGETED_DEVICE_FAMILY = "1,2";
				TEST_HOST = "$(BUILT_PRODUCTS_DIR)/FintechKids.app/$(BUNDLE_EXECUTABLE_FOLDER_PATH)/FintechKids";
			};
			name = Debug;
		};
		2EA150A42D9353DD001ED73E /* Release */ = {
			isa = XCBuildConfiguration;
			buildSettings = {
				ALWAYS_EMBED_SWIFT_STANDARD_LIBRARIES = YES;
				BUNDLE_LOADER = "$(TEST_HOST)";
				CODE_SIGN_STYLE = Automatic;
				CURRENT_PROJECT_VERSION = 1;
				DEVELOPMENT_TEAM = XNT88MR9C6;
				GENERATE_INFOPLIST_FILE = YES;
				IPHONEOS_DEPLOYMENT_TARGET = 17.5;
				MARKETING_VERSION = 1.0;
				PRODUCT_BUNDLE_IDENTIFIER = hse.se.FintechKidsTests;
				PRODUCT_NAME = "$(TARGET_NAME)";
				SWIFT_EMIT_LOC_STRINGS = NO;
				SWIFT_VERSION = 5.0;
				TARGETED_DEVICE_FAMILY = "1,2";
				TEST_HOST = "$(BUILT_PRODUCTS_DIR)/FintechKids.app/$(BUNDLE_EXECUTABLE_FOLDER_PATH)/FintechKids";
			};
			name = Release;
		};
		2EA150A62D9353DD001ED73E /* Debug */ = {
			isa = XCBuildConfiguration;
			buildSettings = {
				ALWAYS_EMBED_SWIFT_STANDARD_LIBRARIES = YES;
				CODE_SIGN_STYLE = Automatic;
				CURRENT_PROJECT_VERSION = 1;
				DEVELOPMENT_TEAM = XNT88MR9C6;
				GENERATE_INFOPLIST_FILE = YES;
				MARKETING_VERSION = 1.0;
				PRODUCT_BUNDLE_IDENTIFIER = hse.se.FintechKidsUITests;
				PRODUCT_NAME = "$(TARGET_NAME)";
				SWIFT_EMIT_LOC_STRINGS = NO;
				SWIFT_VERSION = 5.0;
				TARGETED_DEVICE_FAMILY = "1,2";
				TEST_TARGET_NAME = FintechKids;
			};
			name = Debug;
		};
		2EA150A72D9353DD001ED73E /* Release */ = {
			isa = XCBuildConfiguration;
			buildSettings = {
				ALWAYS_EMBED_SWIFT_STANDARD_LIBRARIES = YES;
				CODE_SIGN_STYLE = Automatic;
				CURRENT_PROJECT_VERSION = 1;
				DEVELOPMENT_TEAM = XNT88MR9C6;
				GENERATE_INFOPLIST_FILE = YES;
				MARKETING_VERSION = 1.0;
				PRODUCT_BUNDLE_IDENTIFIER = hse.se.FintechKidsUITests;
				PRODUCT_NAME = "$(TARGET_NAME)";
				SWIFT_EMIT_LOC_STRINGS = NO;
				SWIFT_VERSION = 5.0;
				TARGETED_DEVICE_FAMILY = "1,2";
				TEST_TARGET_NAME = FintechKids;
			};
			name = Release;
		};
/* End XCBuildConfiguration section */

/* Begin XCConfigurationList section */
		2EA150742D9353DC001ED73E /* Build configuration list for PBXProject "FintechKids" */ = {
			isa = XCConfigurationList;
			buildConfigurations = (
				2EA1509D2D9353DD001ED73E /* Debug */,
				2EA1509E2D9353DD001ED73E /* Release */,
			);
			defaultConfigurationIsVisible = 0;
			defaultConfigurationName = Release;
		};
		2EA1509F2D9353DD001ED73E /* Build configuration list for PBXNativeTarget "FintechKids" */ = {
			isa = XCConfigurationList;
			buildConfigurations = (
				2EA150A02D9353DD001ED73E /* Debug */,
				2EA150A12D9353DD001ED73E /* Release */,
			);
			defaultConfigurationIsVisible = 0;
			defaultConfigurationName = Release;
		};
		2EA150A22D9353DD001ED73E /* Build configuration list for PBXNativeTarget "FintechKidsTests" */ = {
			isa = XCConfigurationList;
			buildConfigurations = (
				2EA150A32D9353DD001ED73E /* Debug */,
				2EA150A42D9353DD001ED73E /* Release */,
			);
			defaultConfigurationIsVisible = 0;
			defaultConfigurationName = Release;
		};
		2EA150A52D9353DD001ED73E /* Build configuration list for PBXNativeTarget "FintechKidsUITests" */ = {
			isa = XCConfigurationList;
			buildConfigurations = (
				2EA150A62D9353DD001ED73E /* Debug */,
				2EA150A72D9353DD001ED73E /* Release */,
			);
			defaultConfigurationIsVisible = 0;
			defaultConfigurationName = Release;
		};
/* End XCConfigurationList section */
	};
	rootObject = 2EA150712D9353DC001ED73E /* Project object */;
}
