// !$*UTF8*$!
{
	archiveVersion = 1;
	classes = {
	};
	objectVersion = 56;
	objects = {

/* Begin PBXBuildFile section */
		0F71F74C2D9A764200A1A407 /* AnalyticsView.swift in Sources */ = {isa = PBXBuildFile; fileRef = 0F71F74B2D9A764200A1A407 /* AnalyticsView.swift */; };
		0F71F7502D9AC97100A1A407 /* Plot.swift in Sources */ = {isa = PBXBuildFile; fileRef = 0F71F74F2D9AC97100A1A407 /* Plot.swift */; };
		0FC6DA1B2D9498D3007CB69B /* AddingExpensesView.swift in Sources */ = {isa = PBXBuildFile; fileRef = 0FC6DA1A2D9498D3007CB69B /* AddingExpensesView.swift */; };
		0FC6DA1E2D95B946007CB69B /* HomeView.swift in Sources */ = {isa = PBXBuildFile; fileRef = 0FC6DA1D2D95B946007CB69B /* HomeView.swift */; };
		0FC6DA222D95CC73007CB69B /* PdfDocumentPicker.swift in Sources */ = {isa = PBXBuildFile; fileRef = 0FC6DA212D95CC73007CB69B /* PdfDocumentPicker.swift */; };
		2E136FAA2D9D5A3600089A4A /* CustomDropDownList.swift in Sources */ = {isa = PBXBuildFile; fileRef = 2E136FA92D9D5A3600089A4A /* CustomDropDownList.swift */; };
		2E1F4C012D95F3AA0024F7B2 /* GoalsViewModel.swift in Sources */ = {isa = PBXBuildFile; fileRef = 2E1F4C002D95F3AA0024F7B2 /* GoalsViewModel.swift */; };
		2E2551CC2D96C8F00007B2D9 /* BackSideGoalCardView.swift in Sources */ = {isa = PBXBuildFile; fileRef = 2E2551C52D96C8F00007B2D9 /* BackSideGoalCardView.swift */; };
		2E2551CD2D96C8F00007B2D9 /* FlipOpacity.swift in Sources */ = {isa = PBXBuildFile; fileRef = 2E2551C62D96C8F00007B2D9 /* FlipOpacity.swift */; };
		2E2551CE2D96C8F00007B2D9 /* FrontSideGoalCardView.swift in Sources */ = {isa = PBXBuildFile; fileRef = 2E2551C72D96C8F00007B2D9 /* FrontSideGoalCardView.swift */; };
		2E2551CF2D96C8F00007B2D9 /* GoalCardView.swift in Sources */ = {isa = PBXBuildFile; fileRef = 2E2551C82D96C8F00007B2D9 /* GoalCardView.swift */; };
		2E2551D02D96C8F00007B2D9 /* GoalsView.swift in Sources */ = {isa = PBXBuildFile; fileRef = 2E2551C92D96C8F00007B2D9 /* GoalsView.swift */; };
		2E2551D12D96C8F00007B2D9 /* ProgressBar.swift in Sources */ = {isa = PBXBuildFile; fileRef = 2E2551CA2D96C8F00007B2D9 /* ProgressBar.swift */; };
		2E2551D72D975C210007B2D9 /* GoalCardRow.swift in Sources */ = {isa = PBXBuildFile; fileRef = 2E2551D62D975C210007B2D9 /* GoalCardRow.swift */; };
		2E2551D92D97608A0007B2D9 /* CustomTextField.swift in Sources */ = {isa = PBXBuildFile; fileRef = 2E2551D82D97608A0007B2D9 /* CustomTextField.swift */; };
		2E2551DC2D97703F0007B2D9 /* CustomImageEditButton.swift in Sources */ = {isa = PBXBuildFile; fileRef = 2E2551DB2D97703F0007B2D9 /* CustomImageEditButton.swift */; };
		2E2551E02D9A11C30007B2D9 /* CustomImagePicker.swift in Sources */ = {isa = PBXBuildFile; fileRef = 2E2551DF2D9A11C30007B2D9 /* CustomImagePicker.swift */; };
		2E2551E22D9A79290007B2D9 /* CropView.swift in Sources */ = {isa = PBXBuildFile; fileRef = 2E2551E12D9A79290007B2D9 /* CropView.swift */; };
		2E2551E42D9AA0780007B2D9 /* ViewExtensionForLoadImage.swift in Sources */ = {isa = PBXBuildFile; fileRef = 2E2551E32D9AA0780007B2D9 /* ViewExtensionForLoadImage.swift */; };
		2E5799C82D9BF3CA00994E20 /* GoalViewModel.swift in Sources */ = {isa = PBXBuildFile; fileRef = 2E5799C72D9BF3CA00994E20 /* GoalViewModel.swift */; };
		2E5799C92D9BF50B00994E20 /* FintechKidsApp.swift in Sources */ = {isa = PBXBuildFile; fileRef = 2EA1507C2D9353DC001ED73E /* FintechKidsApp.swift */; };
		2E5799CB2D9BF57A00994E20 /* StartAnalyticsView.swift in Sources */ = {isa = PBXBuildFile; fileRef = 0FC6DA172D949037007CB69B /* StartAnalyticsView.swift */; };
		2EA1507F2D9353DC001ED73E /* ContentView.swift in Sources */ = {isa = PBXBuildFile; fileRef = 2EA1507E2D9353DC001ED73E /* ContentView.swift */; };
		2EA150832D9353DD001ED73E /* Assets.xcassets in Resources */ = {isa = PBXBuildFile; fileRef = 2EA150822D9353DD001ED73E /* Assets.xcassets */; };
		2EA150862D9353DD001ED73E /* Preview Assets.xcassets in Resources */ = {isa = PBXBuildFile; fileRef = 2EA150852D9353DD001ED73E /* Preview Assets.xcassets */; };
		2EA150902D9353DD001ED73E /* FintechKidsTests.swift in Sources */ = {isa = PBXBuildFile; fileRef = 2EA1508F2D9353DD001ED73E /* FintechKidsTests.swift */; };
		2EA1509A2D9353DD001ED73E /* FintechKidsUITests.swift in Sources */ = {isa = PBXBuildFile; fileRef = 2EA150992D9353DD001ED73E /* FintechKidsUITests.swift */; };
		2EA1509C2D9353DD001ED73E /* FintechKidsUITestsLaunchTests.swift in Sources */ = {isa = PBXBuildFile; fileRef = 2EA1509B2D9353DD001ED73E /* FintechKidsUITestsLaunchTests.swift */; };
		2EA150AF2D9387E7001ED73E /* TabBar.swift in Sources */ = {isa = PBXBuildFile; fileRef = 2EA150AE2D9387E7001ED73E /* TabBar.swift */; };
		2EA151642D954BA7001ED73E /* DateExtension.swift in Sources */ = {isa = PBXBuildFile; fileRef = 2EA151632D954BA7001ED73E /* DateExtension.swift */; };
		2EA151662D954C5B001ED73E /* GoalModel.swift in Sources */ = {isa = PBXBuildFile; fileRef = 2EA151652D954C5B001ED73E /* GoalModel.swift */; };
		5323EB932D9C208C00100D17 /* ProductItemView.swift in Sources */ = {isa = PBXBuildFile; fileRef = 5323EB8E2D9C208C00100D17 /* ProductItemView.swift */; };
		5323EB942D9C208C00100D17 /* TimerVIew.swift in Sources */ = {isa = PBXBuildFile; fileRef = 5323EB8F2D9C208C00100D17 /* TimerVIew.swift */; };
		5323EB952D9C208C00100D17 /* TimeUpView.swift in Sources */ = {isa = PBXBuildFile; fileRef = 5323EB902D9C208C00100D17 /* TimeUpView.swift */; };
		5323EB962D9C208C00100D17 /* WalletView.swift in Sources */ = {isa = PBXBuildFile; fileRef = 5323EB912D9C208C00100D17 /* WalletView.swift */; };
		5323EB9A2D9C22FD00100D17 /* ShoppingGameViewModel.swift in Sources */ = {isa = PBXBuildFile; fileRef = 5323EB982D9C22FD00100D17 /* ShoppingGameViewModel.swift */; };
		5323EC592D9D15C500100D17 /* WelcomeOnboardView.swift in Sources */ = {isa = PBXBuildFile; fileRef = 5323EC582D9D15C500100D17 /* WelcomeOnboardView.swift */; };
		5323EC5D2D9D167F00100D17 /* OnboardsViewModel.swift in Sources */ = {isa = PBXBuildFile; fileRef = 5323EC5C2D9D167F00100D17 /* OnboardsViewModel.swift */; };
		5323EC5F2D9D171000100D17 /* BotOnboardView.swift in Sources */ = {isa = PBXBuildFile; fileRef = 5323EC5E2D9D171000100D17 /* BotOnboardView.swift */; };
		5323EC612D9D177000100D17 /* TimerOnboardView.swift in Sources */ = {isa = PBXBuildFile; fileRef = 5323EC602D9D177000100D17 /* TimerOnboardView.swift */; };
		5323EC632D9D17B100100D17 /* StartOnboardView.swift in Sources */ = {isa = PBXBuildFile; fileRef = 5323EC622D9D17B100100D17 /* StartOnboardView.swift */; };
		5323EC8A2D9D1C3600100D17 /* OnboardingView.swift in Sources */ = {isa = PBXBuildFile; fileRef = 5323EC892D9D1C3600100D17 /* OnboardingView.swift */; };
		536509A52D9A9E7300797B3C /* TextToTransactionConverter.swift in Sources */ = {isa = PBXBuildFile; fileRef = 536509A32D9A9E7300797B3C /* TextToTransactionConverter.swift */; };
		536509E22D9B4AB400797B3C /* MockData.swift in Sources */ = {isa = PBXBuildFile; fileRef = 536509E12D9B4AB400797B3C /* MockData.swift */; };
		536509E42D9B4B4800797B3C /* Product.swift in Sources */ = {isa = PBXBuildFile; fileRef = 536509E32D9B4B4800797B3C /* Product.swift */; };
		536509E62D9B4C5900797B3C /* ShoppingGameView.swift in Sources */ = {isa = PBXBuildFile; fileRef = 536509E52D9B4C5900797B3C /* ShoppingGameView.swift */; };
		536509EE2D9B5F1C00797B3C /* ProductGridGame.swift in Sources */ = {isa = PBXBuildFile; fileRef = 536509ED2D9B5F1C00797B3C /* ProductGridGame.swift */; };
		53B3D6FA2D96CA1E00B31D2D /* LLMService.swift in Sources */ = {isa = PBXBuildFile; fileRef = 53B3D6F52D96CA1E00B31D2D /* LLMService.swift */; };
		53B3D7002D96CA3900B31D2D /* FileServiceError.swift in Sources */ = {isa = PBXBuildFile; fileRef = 53B3D6FC2D96CA3900B31D2D /* FileServiceError.swift */; };
		53B3D7012D96CA3900B31D2D /* PDFError.swift in Sources */ = {isa = PBXBuildFile; fileRef = 53B3D6FE2D96CA3900B31D2D /* PDFError.swift */; };
		53B3D7022D96CA3900B31D2D /* NetworkingError.swift in Sources */ = {isa = PBXBuildFile; fileRef = 53B3D6FD2D96CA3900B31D2D /* NetworkingError.swift */; };
		53B3D70B2D96CA6600B31D2D /* Prompt.swift in Sources */ = {isa = PBXBuildFile; fileRef = 53B3D7082D96CA6600B31D2D /* Prompt.swift */; };
		53B3D70C2D96CA6600B31D2D /* APIResponse.swift in Sources */ = {isa = PBXBuildFile; fileRef = 53B3D7032D96CA6600B31D2D /* APIResponse.swift */; };
		53B3D70D2D96CA6600B31D2D /* MessageContent.swift in Sources */ = {isa = PBXBuildFile; fileRef = 53B3D7062D96CA6600B31D2D /* MessageContent.swift */; };
		53B3D70E2D96CA6600B31D2D /* MessageRequest.swift in Sources */ = {isa = PBXBuildFile; fileRef = 53B3D7052D96CA6600B31D2D /* MessageRequest.swift */; };
		53B3D70F2D96CA6600B31D2D /* Choices.swift in Sources */ = {isa = PBXBuildFile; fileRef = 53B3D7042D96CA6600B31D2D /* Choices.swift */; };
		53B3D7102D96CA6600B31D2D /* MessageResponse.swift in Sources */ = {isa = PBXBuildFile; fileRef = 53B3D7072D96CA6600B31D2D /* MessageResponse.swift */; };
		53B3D7112D96CA6600B31D2D /* RequestBody.swift in Sources */ = {isa = PBXBuildFile; fileRef = 53B3D7092D96CA6600B31D2D /* RequestBody.swift */; };
		53B3D7132D96CB4F00B31D2D /* Transaction.swift in Sources */ = {isa = PBXBuildFile; fileRef = 53B3D7122D96CB4F00B31D2D /* Transaction.swift */; };
		53B3D7412D986DA900B31D2D /* LLMKeyProvider.swift in Sources */ = {isa = PBXBuildFile; fileRef = 53B3D7402D986DA900B31D2D /* LLMKeyProvider.swift */; };
		53B3D7472D986E2D00B31D2D /* StatementController.swift in Sources */ = {isa = PBXBuildFile; fileRef = 53B3D7422D986E2D00B31D2D /* StatementController.swift */; };
		53B3D7482D986E2D00B31D2D /* StatementFileStore.swift in Sources */ = {isa = PBXBuildFile; fileRef = 53B3D7432D986E2D00B31D2D /* StatementFileStore.swift */; };
		53B3D7492D986E2D00B31D2D /* StatementPDFToStringConverter.swift in Sources */ = {isa = PBXBuildFile; fileRef = 53B3D7442D986E2D00B31D2D /* StatementPDFToStringConverter.swift */; };
		53B3D74A2D986E2D00B31D2D /* StatementService.swift in Sources */ = {isa = PBXBuildFile; fileRef = 53B3D7452D986E2D00B31D2D /* StatementService.swift */; };
		53B3D7502D99A26900B31D2D /* ChatService.swift in Sources */ = {isa = PBXBuildFile; fileRef = 53B3D74E2D99A26900B31D2D /* ChatService.swift */; };
		560775192D9C017A004EA190 /* SplashScreen.swift in Sources */ = {isa = PBXBuildFile; fileRef = 560775182D9C017A004EA190 /* SplashScreen.swift */; };
		5607751B2D9C9D94004EA190 /* UserSettingsManager.swift in Sources */ = {isa = PBXBuildFile; fileRef = 5607751A2D9C9D89004EA190 /* UserSettingsManager.swift */; };
		562D84BF2D9E91EB00C39925 /* AvatarPickerView.swift in Sources */ = {isa = PBXBuildFile; fileRef = 562D84BB2D9E91EB00C39925 /* AvatarPickerView.swift */; };
		562D84C02D9E91EB00C39925 /* EditableField.swift in Sources */ = {isa = PBXBuildFile; fileRef = 562D84BC2D9E91EB00C39925 /* EditableField.swift */; };
		562D84C12D9E91EB00C39925 /* ProfileSettingsView.swift in Sources */ = {isa = PBXBuildFile; fileRef = 562D84BD2D9E91EB00C39925 /* ProfileSettingsView.swift */; };
		562D84C22D9E91EB00C39925 /* SettingsButtonStyle.swift in Sources */ = {isa = PBXBuildFile; fileRef = 562D84BE2D9E91EB00C39925 /* SettingsButtonStyle.swift */; };
		83869DAE2D9499D2000A1EFD /* CardGameRound.swift in Sources */ = {isa = PBXBuildFile; fileRef = 83869DA82D9499D2000A1EFD /* CardGameRound.swift */; };
		83869DAF2D9499D2000A1EFD /* CardGameView.swift in Sources */ = {isa = PBXBuildFile; fileRef = 83869DA92D9499D2000A1EFD /* CardGameView.swift */; };
		83869DB22D9499D2000A1EFD /* CardGameViewModel.swift in Sources */ = {isa = PBXBuildFile; fileRef = 83869DAA2D9499D2000A1EFD /* CardGameViewModel.swift */; };
		838CD9462D96E9A7006F1661 /* ScreenFactory.swift in Sources */ = {isa = PBXBuildFile; fileRef = 838CD9452D96E9A7006F1661 /* ScreenFactory.swift */; };
		8390DB9F2D986C2600A414FD /* DeleddaOpen-Light.ttf in Resources */ = {isa = PBXBuildFile; fileRef = 0F71F7362D97D53D00A1A407 /* DeleddaOpen-Light.ttf */; };
		83A6E9642D95889E0007B577 /* CardGame.txt in Resources */ = {isa = PBXBuildFile; fileRef = 83A6E9632D9588930007B577 /* CardGame.txt */; };
		83A6E9662D95945E0007B577 /* Storage.swift in Sources */ = {isa = PBXBuildFile; fileRef = 83A6E9652D95945E0007B577 /* Storage.swift */; };
		CF1A23932D9461360032844E /* MessageView.swift in Sources */ = {isa = PBXBuildFile; fileRef = CF1A23922D9461360032844E /* MessageView.swift */; };
		CF1A23DB2D96B8100032844E /* Formatter.swift in Sources */ = {isa = PBXBuildFile; fileRef = CF1A23D92D96B8100032844E /* Formatter.swift */; };
		CF1A23DC2D96B8100032844E /* Message.swift in Sources */ = {isa = PBXBuildFile; fileRef = CF1A23DA2D96B8100032844E /* Message.swift */; };
		CF1A241C2D97BA410032844E /* Modifiers.swift in Sources */ = {isa = PBXBuildFile; fileRef = CF1A241B2D97BA410032844E /* Modifiers.swift */; };
		CF1A241E2D97D1F20032844E /* Extensions.swift in Sources */ = {isa = PBXBuildFile; fileRef = CF1A241D2D97D1F20032844E /* Extensions.swift */; };
		CF1A245F2D9829A30032844E /* MessageList.swift in Sources */ = {isa = PBXBuildFile; fileRef = CF1A245E2D9829A30032844E /* MessageList.swift */; };
		CF1A24612D9829C50032844E /* CreateMessageTextField.swift in Sources */ = {isa = PBXBuildFile; fileRef = CF1A24602D9829C50032844E /* CreateMessageTextField.swift */; };
		CF1A24632D9829E90032844E /* DismissButtonLabel.swift in Sources */ = {isa = PBXBuildFile; fileRef = CF1A24622D9829E90032844E /* DismissButtonLabel.swift */; };
		CF1A247A2D986D0C0032844E /* MessageCorner.swift in Sources */ = {isa = PBXBuildFile; fileRef = CF1A24792D986D0C0032844E /* MessageCorner.swift */; };
		CF1A254B2D999F990032844E /* ChatConstants.swift in Sources */ = {isa = PBXBuildFile; fileRef = CF1A254A2D999F990032844E /* ChatConstants.swift */; };
		CF1A25972D9ADD820032844E /* TypingIndicator.swift in Sources */ = {isa = PBXBuildFile; fileRef = CF1A25962D9ADD820032844E /* TypingIndicator.swift */; };
		CF1A25D82D9B47BA0032844E /* MessageModel.swift in Sources */ = {isa = PBXBuildFile; fileRef = CF1A25D72D9B47BA0032844E /* MessageModel.swift */; };
		CF1A25DA2D9B4A7C0032844E /* Cloud.swift in Sources */ = {isa = PBXBuildFile; fileRef = CF1A25D92D9B4A7C0032844E /* Cloud.swift */; };
		CF7CA0232D9D3AF80035DEA0 /* FinikAvatar.swift in Sources */ = {isa = PBXBuildFile; fileRef = CF7CA0222D9D3AF80035DEA0 /* FinikAvatar.swift */; };
		CF7CA0242D9D58880035DEA0 /* BubbleAnimationView.swift in Sources */ = {isa = PBXBuildFile; fileRef = 0FE3EF0A2D9D52B4007DBD20 /* BubbleAnimationView.swift */; };
		CF7CA0262D9D656E0035DEA0 /* ClearChatLabel.swift in Sources */ = {isa = PBXBuildFile; fileRef = CF7CA0252D9D656E0035DEA0 /* ClearChatLabel.swift */; };
		CF7CA0292D9DA6A90035DEA0 /* MainBGGradient.swift in Sources */ = {isa = PBXBuildFile; fileRef = CF7CA0282D9DA6A90035DEA0 /* MainBGGradient.swift */; };
		CF7CA0302D9E7CA20035DEA0 /* MessagesHistory.swift in Sources */ = {isa = PBXBuildFile; fileRef = CF7CA02F2D9E7CA20035DEA0 /* MessagesHistory.swift */; };
		CF964F192D943CE20038AEAD /* Image+extension.swift in Sources */ = {isa = PBXBuildFile; fileRef = CF964F182D943CE20038AEAD /* Image+extension.swift */; };
		CF964F282D943DDA0038AEAD /* ChatScreen.swift in Sources */ = {isa = PBXBuildFile; fileRef = CF964F272D943DDA0038AEAD /* ChatScreen.swift */; };
		CF964F2A2D943DE60038AEAD /* ChatViewModel.swift in Sources */ = {isa = PBXBuildFile; fileRef = CF964F292D943DE60038AEAD /* ChatViewModel.swift */; };
/* End PBXBuildFile section */

/* Begin PBXContainerItemProxy section */
		2EA1508C2D9353DD001ED73E /* PBXContainerItemProxy */ = {
			isa = PBXContainerItemProxy;
			containerPortal = 2EA150712D9353DC001ED73E /* Project object */;
			proxyType = 1;
			remoteGlobalIDString = 2EA150782D9353DC001ED73E;
			remoteInfo = FintechKids;
		};
		2EA150962D9353DD001ED73E /* PBXContainerItemProxy */ = {
			isa = PBXContainerItemProxy;
			containerPortal = 2EA150712D9353DC001ED73E /* Project object */;
			proxyType = 1;
			remoteGlobalIDString = 2EA150782D9353DC001ED73E;
			remoteInfo = FintechKids;
		};
/* End PBXContainerItemProxy section */

/* Begin PBXFileReference section */
		0F71F7362D97D53D00A1A407 /* DeleddaOpen-Light.ttf */ = {isa = PBXFileReference; lastKnownFileType = file; path = "DeleddaOpen-Light.ttf"; sourceTree = "<group>"; };
		0F71F74B2D9A764200A1A407 /* AnalyticsView.swift */ = {isa = PBXFileReference; lastKnownFileType = sourcecode.swift; path = AnalyticsView.swift; sourceTree = "<group>"; };
		0F71F74F2D9AC97100A1A407 /* Plot.swift */ = {isa = PBXFileReference; lastKnownFileType = sourcecode.swift; path = Plot.swift; sourceTree = "<group>"; };
		0FC6DA172D949037007CB69B /* StartAnalyticsView.swift */ = {isa = PBXFileReference; lastKnownFileType = sourcecode.swift; path = StartAnalyticsView.swift; sourceTree = "<group>"; };
		0FC6DA1A2D9498D3007CB69B /* AddingExpensesView.swift */ = {isa = PBXFileReference; lastKnownFileType = sourcecode.swift; path = AddingExpensesView.swift; sourceTree = "<group>"; };
		0FC6DA1D2D95B946007CB69B /* HomeView.swift */ = {isa = PBXFileReference; lastKnownFileType = sourcecode.swift; path = HomeView.swift; sourceTree = "<group>"; };
		0FC6DA212D95CC73007CB69B /* PdfDocumentPicker.swift */ = {isa = PBXFileReference; lastKnownFileType = sourcecode.swift; path = PdfDocumentPicker.swift; sourceTree = "<group>"; };
		0FE3EF0A2D9D52B4007DBD20 /* BubbleAnimationView.swift */ = {isa = PBXFileReference; lastKnownFileType = sourcecode.swift; path = BubbleAnimationView.swift; sourceTree = "<group>"; };
		2E136FA92D9D5A3600089A4A /* CustomDropDownList.swift */ = {isa = PBXFileReference; lastKnownFileType = sourcecode.swift; path = CustomDropDownList.swift; sourceTree = "<group>"; };
		2E1F4C002D95F3AA0024F7B2 /* GoalsViewModel.swift */ = {isa = PBXFileReference; lastKnownFileType = sourcecode.swift; path = GoalsViewModel.swift; sourceTree = "<group>"; };
		2E2551C52D96C8F00007B2D9 /* BackSideGoalCardView.swift */ = {isa = PBXFileReference; fileEncoding = 4; lastKnownFileType = sourcecode.swift; path = BackSideGoalCardView.swift; sourceTree = "<group>"; };
		2E2551C62D96C8F00007B2D9 /* FlipOpacity.swift */ = {isa = PBXFileReference; fileEncoding = 4; lastKnownFileType = sourcecode.swift; path = FlipOpacity.swift; sourceTree = "<group>"; };
		2E2551C72D96C8F00007B2D9 /* FrontSideGoalCardView.swift */ = {isa = PBXFileReference; fileEncoding = 4; lastKnownFileType = sourcecode.swift; path = FrontSideGoalCardView.swift; sourceTree = "<group>"; };
		2E2551C82D96C8F00007B2D9 /* GoalCardView.swift */ = {isa = PBXFileReference; fileEncoding = 4; lastKnownFileType = sourcecode.swift; path = GoalCardView.swift; sourceTree = "<group>"; };
		2E2551C92D96C8F00007B2D9 /* GoalsView.swift */ = {isa = PBXFileReference; fileEncoding = 4; lastKnownFileType = sourcecode.swift; path = GoalsView.swift; sourceTree = "<group>"; };
		2E2551CA2D96C8F00007B2D9 /* ProgressBar.swift */ = {isa = PBXFileReference; fileEncoding = 4; lastKnownFileType = sourcecode.swift; path = ProgressBar.swift; sourceTree = "<group>"; };
		2E2551D62D975C210007B2D9 /* GoalCardRow.swift */ = {isa = PBXFileReference; lastKnownFileType = sourcecode.swift; path = GoalCardRow.swift; sourceTree = "<group>"; };
		2E2551D82D97608A0007B2D9 /* CustomTextField.swift */ = {isa = PBXFileReference; lastKnownFileType = sourcecode.swift; path = CustomTextField.swift; sourceTree = "<group>"; };
		2E2551DB2D97703F0007B2D9 /* CustomImageEditButton.swift */ = {isa = PBXFileReference; lastKnownFileType = sourcecode.swift; path = CustomImageEditButton.swift; sourceTree = "<group>"; };
		2E2551DF2D9A11C30007B2D9 /* CustomImagePicker.swift */ = {isa = PBXFileReference; lastKnownFileType = sourcecode.swift; path = CustomImagePicker.swift; sourceTree = "<group>"; };
		2E2551E12D9A79290007B2D9 /* CropView.swift */ = {isa = PBXFileReference; lastKnownFileType = sourcecode.swift; path = CropView.swift; sourceTree = "<group>"; };
		2E2551E32D9AA0780007B2D9 /* ViewExtensionForLoadImage.swift */ = {isa = PBXFileReference; lastKnownFileType = sourcecode.swift; path = ViewExtensionForLoadImage.swift; sourceTree = "<group>"; };
		2E5799C72D9BF3CA00994E20 /* GoalViewModel.swift */ = {isa = PBXFileReference; fileEncoding = 4; lastKnownFileType = sourcecode.swift; path = GoalViewModel.swift; sourceTree = "<group>"; };
		2EA150792D9353DC001ED73E /* FintechKids.app */ = {isa = PBXFileReference; explicitFileType = wrapper.application; includeInIndex = 0; path = FintechKids.app; sourceTree = BUILT_PRODUCTS_DIR; };
		2EA1507C2D9353DC001ED73E /* FintechKidsApp.swift */ = {isa = PBXFileReference; lastKnownFileType = sourcecode.swift; path = FintechKidsApp.swift; sourceTree = "<group>"; };
		2EA1507E2D9353DC001ED73E /* ContentView.swift */ = {isa = PBXFileReference; lastKnownFileType = sourcecode.swift; path = ContentView.swift; sourceTree = "<group>"; };
		2EA150822D9353DD001ED73E /* Assets.xcassets */ = {isa = PBXFileReference; lastKnownFileType = folder.assetcatalog; path = Assets.xcassets; sourceTree = "<group>"; };
		2EA150852D9353DD001ED73E /* Preview Assets.xcassets */ = {isa = PBXFileReference; lastKnownFileType = folder.assetcatalog; path = "Preview Assets.xcassets"; sourceTree = "<group>"; };
		2EA1508B2D9353DD001ED73E /* FintechKidsTests.xctest */ = {isa = PBXFileReference; explicitFileType = wrapper.cfbundle; includeInIndex = 0; path = FintechKidsTests.xctest; sourceTree = BUILT_PRODUCTS_DIR; };
		2EA1508F2D9353DD001ED73E /* FintechKidsTests.swift */ = {isa = PBXFileReference; lastKnownFileType = sourcecode.swift; path = FintechKidsTests.swift; sourceTree = "<group>"; };
		2EA150952D9353DD001ED73E /* FintechKidsUITests.xctest */ = {isa = PBXFileReference; explicitFileType = wrapper.cfbundle; includeInIndex = 0; path = FintechKidsUITests.xctest; sourceTree = BUILT_PRODUCTS_DIR; };
		2EA150992D9353DD001ED73E /* FintechKidsUITests.swift */ = {isa = PBXFileReference; lastKnownFileType = sourcecode.swift; path = FintechKidsUITests.swift; sourceTree = "<group>"; };
		2EA1509B2D9353DD001ED73E /* FintechKidsUITestsLaunchTests.swift */ = {isa = PBXFileReference; lastKnownFileType = sourcecode.swift; path = FintechKidsUITestsLaunchTests.swift; sourceTree = "<group>"; };
		2EA150AE2D9387E7001ED73E /* TabBar.swift */ = {isa = PBXFileReference; lastKnownFileType = sourcecode.swift; path = TabBar.swift; sourceTree = "<group>"; };
		2EA151632D954BA7001ED73E /* DateExtension.swift */ = {isa = PBXFileReference; lastKnownFileType = sourcecode.swift; path = DateExtension.swift; sourceTree = "<group>"; };
		2EA151652D954C5B001ED73E /* GoalModel.swift */ = {isa = PBXFileReference; lastKnownFileType = sourcecode.swift; path = GoalModel.swift; sourceTree = "<group>"; };
		5323EB8E2D9C208C00100D17 /* ProductItemView.swift */ = {isa = PBXFileReference; lastKnownFileType = sourcecode.swift; path = ProductItemView.swift; sourceTree = "<group>"; };
		5323EB8F2D9C208C00100D17 /* TimerVIew.swift */ = {isa = PBXFileReference; lastKnownFileType = sourcecode.swift; path = TimerVIew.swift; sourceTree = "<group>"; };
		5323EB902D9C208C00100D17 /* TimeUpView.swift */ = {isa = PBXFileReference; lastKnownFileType = sourcecode.swift; path = TimeUpView.swift; sourceTree = "<group>"; };
		5323EB912D9C208C00100D17 /* WalletView.swift */ = {isa = PBXFileReference; lastKnownFileType = sourcecode.swift; path = WalletView.swift; sourceTree = "<group>"; };
		5323EB982D9C22FD00100D17 /* ShoppingGameViewModel.swift */ = {isa = PBXFileReference; lastKnownFileType = sourcecode.swift; path = ShoppingGameViewModel.swift; sourceTree = "<group>"; };
		5323EC582D9D15C500100D17 /* WelcomeOnboardView.swift */ = {isa = PBXFileReference; lastKnownFileType = sourcecode.swift; path = WelcomeOnboardView.swift; sourceTree = "<group>"; };
		5323EC5C2D9D167F00100D17 /* OnboardsViewModel.swift */ = {isa = PBXFileReference; lastKnownFileType = sourcecode.swift; path = OnboardsViewModel.swift; sourceTree = "<group>"; };
		5323EC5E2D9D171000100D17 /* BotOnboardView.swift */ = {isa = PBXFileReference; lastKnownFileType = sourcecode.swift; path = BotOnboardView.swift; sourceTree = "<group>"; };
		5323EC602D9D177000100D17 /* TimerOnboardView.swift */ = {isa = PBXFileReference; lastKnownFileType = sourcecode.swift; path = TimerOnboardView.swift; sourceTree = "<group>"; };
		5323EC622D9D17B100100D17 /* StartOnboardView.swift */ = {isa = PBXFileReference; lastKnownFileType = sourcecode.swift; path = StartOnboardView.swift; sourceTree = "<group>"; };
		5323EC892D9D1C3600100D17 /* OnboardingView.swift */ = {isa = PBXFileReference; lastKnownFileType = sourcecode.swift; path = OnboardingView.swift; sourceTree = "<group>"; };
		536509A32D9A9E7300797B3C /* TextToTransactionConverter.swift */ = {isa = PBXFileReference; lastKnownFileType = sourcecode.swift; path = TextToTransactionConverter.swift; sourceTree = "<group>"; };
		536509E12D9B4AB400797B3C /* MockData.swift */ = {isa = PBXFileReference; lastKnownFileType = sourcecode.swift; path = MockData.swift; sourceTree = "<group>"; };
		536509E32D9B4B4800797B3C /* Product.swift */ = {isa = PBXFileReference; lastKnownFileType = sourcecode.swift; path = Product.swift; sourceTree = "<group>"; };
		536509E52D9B4C5900797B3C /* ShoppingGameView.swift */ = {isa = PBXFileReference; lastKnownFileType = sourcecode.swift; path = ShoppingGameView.swift; sourceTree = "<group>"; };
		536509ED2D9B5F1C00797B3C /* ProductGridGame.swift */ = {isa = PBXFileReference; lastKnownFileType = sourcecode.swift; path = ProductGridGame.swift; sourceTree = "<group>"; };
		53B3D6F52D96CA1E00B31D2D /* LLMService.swift */ = {isa = PBXFileReference; lastKnownFileType = sourcecode.swift; path = LLMService.swift; sourceTree = "<group>"; };
		53B3D6FC2D96CA3900B31D2D /* FileServiceError.swift */ = {isa = PBXFileReference; lastKnownFileType = sourcecode.swift; path = FileServiceError.swift; sourceTree = "<group>"; };
		53B3D6FD2D96CA3900B31D2D /* NetworkingError.swift */ = {isa = PBXFileReference; lastKnownFileType = sourcecode.swift; path = NetworkingError.swift; sourceTree = "<group>"; };
		53B3D6FE2D96CA3900B31D2D /* PDFError.swift */ = {isa = PBXFileReference; lastKnownFileType = sourcecode.swift; path = PDFError.swift; sourceTree = "<group>"; };
		53B3D7032D96CA6600B31D2D /* APIResponse.swift */ = {isa = PBXFileReference; lastKnownFileType = sourcecode.swift; path = APIResponse.swift; sourceTree = "<group>"; };
		53B3D7042D96CA6600B31D2D /* Choices.swift */ = {isa = PBXFileReference; lastKnownFileType = sourcecode.swift; path = Choices.swift; sourceTree = "<group>"; };
		53B3D7052D96CA6600B31D2D /* MessageRequest.swift */ = {isa = PBXFileReference; lastKnownFileType = sourcecode.swift; path = MessageRequest.swift; sourceTree = "<group>"; };
		53B3D7062D96CA6600B31D2D /* MessageContent.swift */ = {isa = PBXFileReference; lastKnownFileType = sourcecode.swift; path = MessageContent.swift; sourceTree = "<group>"; };
		53B3D7072D96CA6600B31D2D /* MessageResponse.swift */ = {isa = PBXFileReference; lastKnownFileType = sourcecode.swift; path = MessageResponse.swift; sourceTree = "<group>"; };
		53B3D7082D96CA6600B31D2D /* Prompt.swift */ = {isa = PBXFileReference; lastKnownFileType = sourcecode.swift; path = Prompt.swift; sourceTree = "<group>"; };
		53B3D7092D96CA6600B31D2D /* RequestBody.swift */ = {isa = PBXFileReference; lastKnownFileType = sourcecode.swift; path = RequestBody.swift; sourceTree = "<group>"; };
		53B3D7122D96CB4F00B31D2D /* Transaction.swift */ = {isa = PBXFileReference; lastKnownFileType = sourcecode.swift; path = Transaction.swift; sourceTree = "<group>"; };
		53B3D7402D986DA900B31D2D /* LLMKeyProvider.swift */ = {isa = PBXFileReference; lastKnownFileType = sourcecode.swift; path = LLMKeyProvider.swift; sourceTree = "<group>"; };
		53B3D7422D986E2D00B31D2D /* StatementController.swift */ = {isa = PBXFileReference; lastKnownFileType = sourcecode.swift; path = StatementController.swift; sourceTree = "<group>"; };
		53B3D7432D986E2D00B31D2D /* StatementFileStore.swift */ = {isa = PBXFileReference; lastKnownFileType = sourcecode.swift; path = StatementFileStore.swift; sourceTree = "<group>"; };
		53B3D7442D986E2D00B31D2D /* StatementPDFToStringConverter.swift */ = {isa = PBXFileReference; lastKnownFileType = sourcecode.swift; path = StatementPDFToStringConverter.swift; sourceTree = "<group>"; };
		53B3D7452D986E2D00B31D2D /* StatementService.swift */ = {isa = PBXFileReference; lastKnownFileType = sourcecode.swift; path = StatementService.swift; sourceTree = "<group>"; };
		53B3D74E2D99A26900B31D2D /* ChatService.swift */ = {isa = PBXFileReference; lastKnownFileType = sourcecode.swift; path = ChatService.swift; sourceTree = "<group>"; };
		560775182D9C017A004EA190 /* SplashScreen.swift */ = {isa = PBXFileReference; lastKnownFileType = sourcecode.swift; path = SplashScreen.swift; sourceTree = "<group>"; };
		5607751A2D9C9D89004EA190 /* UserSettingsManager.swift */ = {isa = PBXFileReference; lastKnownFileType = sourcecode.swift; path = UserSettingsManager.swift; sourceTree = "<group>"; };
		562D84BB2D9E91EB00C39925 /* AvatarPickerView.swift */ = {isa = PBXFileReference; lastKnownFileType = sourcecode.swift; path = AvatarPickerView.swift; sourceTree = "<group>"; };
		562D84BC2D9E91EB00C39925 /* EditableField.swift */ = {isa = PBXFileReference; lastKnownFileType = sourcecode.swift; path = EditableField.swift; sourceTree = "<group>"; };
		562D84BD2D9E91EB00C39925 /* ProfileSettingsView.swift */ = {isa = PBXFileReference; lastKnownFileType = sourcecode.swift; path = ProfileSettingsView.swift; sourceTree = "<group>"; };
		562D84BE2D9E91EB00C39925 /* SettingsButtonStyle.swift */ = {isa = PBXFileReference; lastKnownFileType = sourcecode.swift; path = SettingsButtonStyle.swift; sourceTree = "<group>"; };
		83869DA82D9499D2000A1EFD /* CardGameRound.swift */ = {isa = PBXFileReference; lastKnownFileType = sourcecode.swift; path = CardGameRound.swift; sourceTree = "<group>"; };
		83869DA92D9499D2000A1EFD /* CardGameView.swift */ = {isa = PBXFileReference; lastKnownFileType = sourcecode.swift; path = CardGameView.swift; sourceTree = "<group>"; };
		83869DAA2D9499D2000A1EFD /* CardGameViewModel.swift */ = {isa = PBXFileReference; lastKnownFileType = sourcecode.swift; path = CardGameViewModel.swift; sourceTree = "<group>"; };
		838CD9452D96E9A7006F1661 /* ScreenFactory.swift */ = {isa = PBXFileReference; lastKnownFileType = sourcecode.swift; name = ScreenFactory.swift; path = StorageModule/ScreenFactory.swift; sourceTree = "<group>"; };
		8390DB9E2D9869F900A414FD /* Info.plist */ = {isa = PBXFileReference; lastKnownFileType = text.plist; path = Info.plist; sourceTree = "<group>"; };
		83A6E9632D9588930007B577 /* CardGame.txt */ = {isa = PBXFileReference; lastKnownFileType = text; path = CardGame.txt; sourceTree = "<group>"; };
		83A6E9652D95945E0007B577 /* Storage.swift */ = {isa = PBXFileReference; lastKnownFileType = sourcecode.swift; name = Storage.swift; path = StorageModule/Storage.swift; sourceTree = "<group>"; };
		CF1A23922D9461360032844E /* MessageView.swift */ = {isa = PBXFileReference; lastKnownFileType = sourcecode.swift; path = MessageView.swift; sourceTree = "<group>"; };
		CF1A23D92D96B8100032844E /* Formatter.swift */ = {isa = PBXFileReference; lastKnownFileType = sourcecode.swift; path = Formatter.swift; sourceTree = "<group>"; };
		CF1A23DA2D96B8100032844E /* Message.swift */ = {isa = PBXFileReference; lastKnownFileType = sourcecode.swift; path = Message.swift; sourceTree = "<group>"; };
		CF1A241B2D97BA410032844E /* Modifiers.swift */ = {isa = PBXFileReference; lastKnownFileType = sourcecode.swift; path = Modifiers.swift; sourceTree = "<group>"; };
		CF1A241D2D97D1F20032844E /* Extensions.swift */ = {isa = PBXFileReference; lastKnownFileType = sourcecode.swift; path = Extensions.swift; sourceTree = "<group>"; };
		CF1A245E2D9829A30032844E /* MessageList.swift */ = {isa = PBXFileReference; lastKnownFileType = sourcecode.swift; path = MessageList.swift; sourceTree = "<group>"; };
		CF1A24602D9829C50032844E /* CreateMessageTextField.swift */ = {isa = PBXFileReference; lastKnownFileType = sourcecode.swift; path = CreateMessageTextField.swift; sourceTree = "<group>"; };
		CF1A24622D9829E90032844E /* DismissButtonLabel.swift */ = {isa = PBXFileReference; lastKnownFileType = sourcecode.swift; path = DismissButtonLabel.swift; sourceTree = "<group>"; };
		CF1A24792D986D0C0032844E /* MessageCorner.swift */ = {isa = PBXFileReference; lastKnownFileType = sourcecode.swift; path = MessageCorner.swift; sourceTree = "<group>"; };
		CF1A254A2D999F990032844E /* ChatConstants.swift */ = {isa = PBXFileReference; lastKnownFileType = sourcecode.swift; path = ChatConstants.swift; sourceTree = "<group>"; };
		CF1A25962D9ADD820032844E /* TypingIndicator.swift */ = {isa = PBXFileReference; lastKnownFileType = sourcecode.swift; path = TypingIndicator.swift; sourceTree = "<group>"; };
		CF1A25D72D9B47BA0032844E /* MessageModel.swift */ = {isa = PBXFileReference; lastKnownFileType = sourcecode.swift; path = MessageModel.swift; sourceTree = "<group>"; };
		CF1A25D92D9B4A7C0032844E /* Cloud.swift */ = {isa = PBXFileReference; lastKnownFileType = sourcecode.swift; path = Cloud.swift; sourceTree = "<group>"; };
		CF7CA0222D9D3AF80035DEA0 /* FinikAvatar.swift */ = {isa = PBXFileReference; lastKnownFileType = sourcecode.swift; path = FinikAvatar.swift; sourceTree = "<group>"; };
		CF7CA0252D9D656E0035DEA0 /* ClearChatLabel.swift */ = {isa = PBXFileReference; lastKnownFileType = sourcecode.swift; path = ClearChatLabel.swift; sourceTree = "<group>"; };
		CF7CA0282D9DA6A90035DEA0 /* MainBGGradient.swift */ = {isa = PBXFileReference; lastKnownFileType = sourcecode.swift; path = MainBGGradient.swift; sourceTree = "<group>"; };
		CF7CA02F2D9E7CA20035DEA0 /* MessagesHistory.swift */ = {isa = PBXFileReference; lastKnownFileType = sourcecode.swift; path = MessagesHistory.swift; sourceTree = "<group>"; };
		CF964F182D943CE20038AEAD /* Image+extension.swift */ = {isa = PBXFileReference; lastKnownFileType = sourcecode.swift; path = "Image+extension.swift"; sourceTree = "<group>"; };
		CF964F272D943DDA0038AEAD /* ChatScreen.swift */ = {isa = PBXFileReference; lastKnownFileType = sourcecode.swift; path = ChatScreen.swift; sourceTree = "<group>"; };
		CF964F292D943DE60038AEAD /* ChatViewModel.swift */ = {isa = PBXFileReference; lastKnownFileType = sourcecode.swift; path = ChatViewModel.swift; sourceTree = "<group>"; };
/* End PBXFileReference section */

/* Begin PBXFrameworksBuildPhase section */
		2EA150762D9353DC001ED73E /* Frameworks */ = {
			isa = PBXFrameworksBuildPhase;
			buildActionMask = 2147483647;
			files = (
			);
			runOnlyForDeploymentPostprocessing = 0;
		};
		2EA150882D9353DD001ED73E /* Frameworks */ = {
			isa = PBXFrameworksBuildPhase;
			buildActionMask = 2147483647;
			files = (
			);
			runOnlyForDeploymentPostprocessing = 0;
		};
		2EA150922D9353DD001ED73E /* Frameworks */ = {
			isa = PBXFrameworksBuildPhase;
			buildActionMask = 2147483647;
			files = (
			);
			runOnlyForDeploymentPostprocessing = 0;
		};
/* End PBXFrameworksBuildPhase section */

/* Begin PBXGroup section */
		0F71F74A2D9A75F000A1A407 /* AnalyticsModule */ = {
			isa = PBXGroup;
			children = (
				0F71F74B2D9A764200A1A407 /* AnalyticsView.swift */,
				0F71F74F2D9AC97100A1A407 /* Plot.swift */,
			);
			path = AnalyticsModule;
			sourceTree = "<group>";
		};
		0FC6DA162D94900F007CB69B /* StartAnalyticsModule */ = {
			isa = PBXGroup;
			children = (
				0FC6DA172D949037007CB69B /* StartAnalyticsView.swift */,
				0FC6DA212D95CC73007CB69B /* PdfDocumentPicker.swift */,
			);
			path = StartAnalyticsModule;
			sourceTree = "<group>";
		};
		0FC6DA192D949874007CB69B /* AddingExpensesModule */ = {
			isa = PBXGroup;
			children = (
				0FC6DA1A2D9498D3007CB69B /* AddingExpensesView.swift */,
			);
			path = AddingExpensesModule;
			sourceTree = "<group>";
		};
		0FC6DA1C2D95B929007CB69B /* HomeModule */ = {
			isa = PBXGroup;
			children = (
				0FC6DA1D2D95B946007CB69B /* HomeView.swift */,
				560775182D9C017A004EA190 /* SplashScreen.swift */,
				0FE3EF0A2D9D52B4007DBD20 /* BubbleAnimationView.swift */,
			);
			path = HomeModule;
			sourceTree = "<group>";
		};
		2E1F4BFE2D95EFBA0024F7B2 /* Models */ = {
			isa = PBXGroup;
			children = (
				2EA151652D954C5B001ED73E /* GoalModel.swift */,
			);
			path = Models;
			sourceTree = "<group>";
		};
		2E1F4BFF2D95F3960024F7B2 /* ViewModels */ = {
			isa = PBXGroup;
			children = (
				2E1F4C002D95F3AA0024F7B2 /* GoalsViewModel.swift */,
				2E5799C72D9BF3CA00994E20 /* GoalViewModel.swift */,
			);
			path = ViewModels;
			sourceTree = "<group>";
		};
		2E2551CB2D96C8F00007B2D9 /* Views */ = {
			isa = PBXGroup;
			children = (
				2E2551DA2D9760C40007B2D9 /* Custom */,
				2E2551C52D96C8F00007B2D9 /* BackSideGoalCardView.swift */,
				2E2551C72D96C8F00007B2D9 /* FrontSideGoalCardView.swift */,
				2E2551C82D96C8F00007B2D9 /* GoalCardView.swift */,
				2E2551C92D96C8F00007B2D9 /* GoalsView.swift */,
				2E2551D62D975C210007B2D9 /* GoalCardRow.swift */,
			);
			path = Views;
			sourceTree = "<group>";
		};
		2E2551DA2D9760C40007B2D9 /* Custom */ = {
			isa = PBXGroup;
			children = (
				2E2551C62D96C8F00007B2D9 /* FlipOpacity.swift */,
				2E2551CA2D96C8F00007B2D9 /* ProgressBar.swift */,
				2E136FA92D9D5A3600089A4A /* CustomDropDownList.swift */,
				2E2551D82D97608A0007B2D9 /* CustomTextField.swift */,
				2E2551E12D9A79290007B2D9 /* CropView.swift */,
				2E2551DF2D9A11C30007B2D9 /* CustomImagePicker.swift */,
				2E2551DB2D97703F0007B2D9 /* CustomImageEditButton.swift */,
			);
			path = Custom;
			sourceTree = "<group>";
		};
		2EA150702D9353DC001ED73E = {
			isa = PBXGroup;
			children = (
				2EA1507B2D9353DC001ED73E /* FintechKids */,
				2EA1508E2D9353DD001ED73E /* FintechKidsTests */,
				2EA150982D9353DD001ED73E /* FintechKidsUITests */,
				2EA1507A2D9353DC001ED73E /* Products */,
			);
			sourceTree = "<group>";
		};
		2EA1507A2D9353DC001ED73E /* Products */ = {
			isa = PBXGroup;
			children = (
				2EA150792D9353DC001ED73E /* FintechKids.app */,
				2EA1508B2D9353DD001ED73E /* FintechKidsTests.xctest */,
				2EA150952D9353DD001ED73E /* FintechKidsUITests.xctest */,
			);
			name = Products;
			sourceTree = "<group>";
		};
		2EA1507B2D9353DC001ED73E /* FintechKids */ = {
			isa = PBXGroup;
			children = (
				8390DB9E2D9869F900A414FD /* Info.plist */,
				53B3D70A2D96CA6600B31D2D /* Model */,
				83A6E9652D95945E0007B577 /* Storage.swift */,
				CF7CA0272D9DA6970035DEA0 /* BackGroundViews */,
				2EA1507C2D9353DC001ED73E /* FintechKidsApp.swift */,
				2EA151572D94A9B1001ED73E /* Shared */,
				53B3D73E2D986CE300B31D2D /* Networking */,
				2EA151562D94A98B001ED73E /* Modules */,
				2EA151592D94ABDF001ED73E /* Navigation */,
				0F71F7362D97D53D00A1A407 /* DeleddaOpen-Light.ttf */,
				2EA150822D9353DD001ED73E /* Assets.xcassets */,
				2EA150842D9353DD001ED73E /* Preview Content */,
				838CD9452D96E9A7006F1661 /* ScreenFactory.swift */,
			);
			path = FintechKids;
			sourceTree = "<group>";
		};
		2EA150842D9353DD001ED73E /* Preview Content */ = {
			isa = PBXGroup;
			children = (
				2EA150852D9353DD001ED73E /* Preview Assets.xcassets */,
			);
			path = "Preview Content";
			sourceTree = "<group>";
		};
		2EA1508E2D9353DD001ED73E /* FintechKidsTests */ = {
			isa = PBXGroup;
			children = (
				2EA1508F2D9353DD001ED73E /* FintechKidsTests.swift */,
			);
			path = FintechKidsTests;
			sourceTree = "<group>";
		};
		2EA150982D9353DD001ED73E /* FintechKidsUITests */ = {
			isa = PBXGroup;
			children = (
				2EA150992D9353DD001ED73E /* FintechKidsUITests.swift */,
				2EA1509B2D9353DD001ED73E /* FintechKidsUITestsLaunchTests.swift */,
			);
			path = FintechKidsUITests;
			sourceTree = "<group>";
		};
		2EA151552D94A977001ED73E /* Goal */ = {
			isa = PBXGroup;
			children = (
				2E2551CB2D96C8F00007B2D9 /* Views */,
				2E1F4BFF2D95F3960024F7B2 /* ViewModels */,
				2E1F4BFE2D95EFBA0024F7B2 /* Models */,
			);
			path = Goal;
			sourceTree = "<group>";
		};
		2EA151562D94A98B001ED73E /* Modules */ = {
			isa = PBXGroup;
			children = (
				536509E02D9B4A0F00797B3C /* ShoppingGame */,
				0FC6DA1C2D95B929007CB69B /* HomeModule */,
				56A2DDE52D95831900F853B3 /* SettingsModule */,
				0F71F74A2D9A75F000A1A407 /* AnalyticsModule */,
				0FC6DA162D94900F007CB69B /* StartAnalyticsModule */,
				0FC6DA192D949874007CB69B /* AddingExpensesModule */,
				83869DAD2D9499D2000A1EFD /* CardsGame */,
				CF964F262D943D920038AEAD /* ChatModule */,
				2EA151552D94A977001ED73E /* Goal */,
			);
			path = Modules;
			sourceTree = "<group>";
		};
		2EA151572D94A9B1001ED73E /* Shared */ = {
			isa = PBXGroup;
			children = (
				2EA151582D94A9B6001ED73E /* Extensions */,
			);
			path = Shared;
			sourceTree = "<group>";
		};
		2EA151582D94A9B6001ED73E /* Extensions */ = {
			isa = PBXGroup;
			children = (
				2EA151632D954BA7001ED73E /* DateExtension.swift */,
				2E2551E32D9AA0780007B2D9 /* ViewExtensionForLoadImage.swift */,
				CF964F172D943CCE0038AEAD /* Image+extension */,
			);
			path = Extensions;
			sourceTree = "<group>";
		};
		2EA151592D94ABDF001ED73E /* Navigation */ = {
			isa = PBXGroup;
			children = (
				2EA1507E2D9353DC001ED73E /* ContentView.swift */,
				2EA150AE2D9387E7001ED73E /* TabBar.swift */,
			);
			path = Navigation;
			sourceTree = "<group>";
		};
		5323EB8C2D9C206000100D17 /* Model */ = {
			isa = PBXGroup;
			children = (
				536509E12D9B4AB400797B3C /* MockData.swift */,
				536509E32D9B4B4800797B3C /* Product.swift */,
			);
			path = Model;
			sourceTree = "<group>";
		};
		5323EB922D9C208C00100D17 /* View */ = {
			isa = PBXGroup;
			children = (
				5323EB8E2D9C208C00100D17 /* ProductItemView.swift */,
				5323EB8F2D9C208C00100D17 /* TimerVIew.swift */,
				5323EB902D9C208C00100D17 /* TimeUpView.swift */,
				5323EB912D9C208C00100D17 /* WalletView.swift */,
				536509E52D9B4C5900797B3C /* ShoppingGameView.swift */,
				536509ED2D9B5F1C00797B3C /* ProductGridGame.swift */,
			);
			path = View;
			sourceTree = "<group>";
		};
		5323EB992D9C22FD00100D17 /* ViewModel */ = {
			isa = PBXGroup;
			children = (
				5323EB982D9C22FD00100D17 /* ShoppingGameViewModel.swift */,
			);
			path = ViewModel;
			sourceTree = "<group>";
		};
		5323EC572D9D146A00100D17 /* OnboardView */ = {
			isa = PBXGroup;
			children = (
				5323EC5B2D9D165400100D17 /* ViewModel */,
				5323EC5A2D9D164800100D17 /* View */,
				5323EC892D9D1C3600100D17 /* OnboardingView.swift */,
			);
			path = OnboardView;
			sourceTree = "<group>";
		};
		5323EC5A2D9D164800100D17 /* View */ = {
			isa = PBXGroup;
			children = (
				5323EC582D9D15C500100D17 /* WelcomeOnboardView.swift */,
				5323EC5E2D9D171000100D17 /* BotOnboardView.swift */,
				5323EC602D9D177000100D17 /* TimerOnboardView.swift */,
				5323EC622D9D17B100100D17 /* StartOnboardView.swift */,
			);
			path = View;
			sourceTree = "<group>";
		};
		5323EC5B2D9D165400100D17 /* ViewModel */ = {
			isa = PBXGroup;
			children = (
				5323EC5C2D9D167F00100D17 /* OnboardsViewModel.swift */,
			);
			path = ViewModel;
			sourceTree = "<group>";
		};
		536509A42D9A9E7300797B3C /* Converter */ = {
			isa = PBXGroup;
			children = (
				536509A32D9A9E7300797B3C /* TextToTransactionConverter.swift */,
			);
			path = Converter;
			sourceTree = "<group>";
		};
		536509E02D9B4A0F00797B3C /* ShoppingGame */ = {
			isa = PBXGroup;
			children = (
				5323EC572D9D146A00100D17 /* OnboardView */,
				5323EB992D9C22FD00100D17 /* ViewModel */,
				5323EB922D9C208C00100D17 /* View */,
				5323EB8C2D9C206000100D17 /* Model */,
			);
			path = ShoppingGame;
			sourceTree = "<group>";
		};
		53B3D6F72D96CA1E00B31D2D /* LLMService */ = {
			isa = PBXGroup;
			children = (
				53B3D6F52D96CA1E00B31D2D /* LLMService.swift */,
			);
			path = LLMService;
			sourceTree = "<group>";
		};
		53B3D6FF2D96CA3900B31D2D /* Errors */ = {
			isa = PBXGroup;
			children = (
				53B3D6FC2D96CA3900B31D2D /* FileServiceError.swift */,
				53B3D6FD2D96CA3900B31D2D /* NetworkingError.swift */,
				53B3D6FE2D96CA3900B31D2D /* PDFError.swift */,
			);
			path = Errors;
			sourceTree = "<group>";
		};
		53B3D70A2D96CA6600B31D2D /* Model */ = {
			isa = PBXGroup;
			children = (
				53B3D7032D96CA6600B31D2D /* APIResponse.swift */,
				53B3D7042D96CA6600B31D2D /* Choices.swift */,
				53B3D7052D96CA6600B31D2D /* MessageRequest.swift */,
				53B3D7062D96CA6600B31D2D /* MessageContent.swift */,
				53B3D7072D96CA6600B31D2D /* MessageResponse.swift */,
				53B3D7082D96CA6600B31D2D /* Prompt.swift */,
				53B3D7092D96CA6600B31D2D /* RequestBody.swift */,
				53B3D7122D96CB4F00B31D2D /* Transaction.swift */,
			);
			name = Model;
			path = Networking/Model;
			sourceTree = "<group>";
		};
		53B3D73E2D986CE300B31D2D /* Networking */ = {
			isa = PBXGroup;
			children = (
				536509A42D9A9E7300797B3C /* Converter */,
				53B3D74F2D99A26900B31D2D /* Chat */,
				53B3D7462D986E2D00B31D2D /* Statement */,
				53B3D7402D986DA900B31D2D /* LLMKeyProvider.swift */,
				53B3D6F72D96CA1E00B31D2D /* LLMService */,
				53B3D6FF2D96CA3900B31D2D /* Errors */,
			);
			path = Networking;
			sourceTree = "<group>";
		};
		53B3D7462D986E2D00B31D2D /* Statement */ = {
			isa = PBXGroup;
			children = (
				53B3D7422D986E2D00B31D2D /* StatementController.swift */,
				53B3D7432D986E2D00B31D2D /* StatementFileStore.swift */,
				53B3D7442D986E2D00B31D2D /* StatementPDFToStringConverter.swift */,
				53B3D7452D986E2D00B31D2D /* StatementService.swift */,
			);
			path = Statement;
			sourceTree = "<group>";
		};
		53B3D74F2D99A26900B31D2D /* Chat */ = {
			isa = PBXGroup;
			children = (
				53B3D74E2D99A26900B31D2D /* ChatService.swift */,
			);
			path = Chat;
			sourceTree = "<group>";
		};
		56A2DDE52D95831900F853B3 /* SettingsModule */ = {
			isa = PBXGroup;
			children = (
				562D84BB2D9E91EB00C39925 /* AvatarPickerView.swift */,
				562D84BC2D9E91EB00C39925 /* EditableField.swift */,
				562D84BD2D9E91EB00C39925 /* ProfileSettingsView.swift */,
				562D84BE2D9E91EB00C39925 /* SettingsButtonStyle.swift */,
			);
			path = SettingsModule;
			sourceTree = "<group>";
		};
		83869DAD2D9499D2000A1EFD /* CardsGame */ = {
			isa = PBXGroup;
			children = (
				83869DA82D9499D2000A1EFD /* CardGameRound.swift */,
				83869DA92D9499D2000A1EFD /* CardGameView.swift */,
				83869DAA2D9499D2000A1EFD /* CardGameViewModel.swift */,
				83A6E9632D9588930007B577 /* CardGame.txt */,
			);
			path = CardsGame;
			sourceTree = "<group>";
		};
		CF1A23D72D96B80B0032844E /* Model */ = {
			isa = PBXGroup;
			children = (
				CF1A241D2D97D1F20032844E /* Extensions.swift */,
				CF1A23D92D96B8100032844E /* Formatter.swift */,
				CF1A23DA2D96B8100032844E /* Message.swift */,
				CF1A254A2D999F990032844E /* ChatConstants.swift */,
				CF1A25D72D9B47BA0032844E /* MessageModel.swift */,
			);
			path = Model;
			sourceTree = "<group>";
		};
		CF1A241A2D97BA320032844E /* Modifiers */ = {
			isa = PBXGroup;
			children = (
				CF1A241B2D97BA410032844E /* Modifiers.swift */,
			);
			path = Modifiers;
			sourceTree = "<group>";
		};
		CF1A245D2D9829910032844E /* Views */ = {
			isa = PBXGroup;
			children = (
				CF1A23922D9461360032844E /* MessageView.swift */,
				CF1A245E2D9829A30032844E /* MessageList.swift */,
				CF1A24602D9829C50032844E /* CreateMessageTextField.swift */,
				CF1A24622D9829E90032844E /* DismissButtonLabel.swift */,
				CF7CA0252D9D656E0035DEA0 /* ClearChatLabel.swift */,
				CF1A24792D986D0C0032844E /* MessageCorner.swift */,
				CF1A25962D9ADD820032844E /* TypingIndicator.swift */,
				CF1A25D92D9B4A7C0032844E /* Cloud.swift */,
				CF7CA0222D9D3AF80035DEA0 /* FinikAvatar.swift */,
			);
			path = Views;
			sourceTree = "<group>";
		};
		CF7CA0272D9DA6970035DEA0 /* BackGroundViews */ = {
			isa = PBXGroup;
			children = (
				CF7CA0282D9DA6A90035DEA0 /* MainBGGradient.swift */,
			);
			path = BackGroundViews;
			sourceTree = "<group>";
		};
		CF7CA02E2D9E7C8C0035DEA0 /* MessagesHistory */ = {
			isa = PBXGroup;
			children = (
				CF7CA02F2D9E7CA20035DEA0 /* MessagesHistory.swift */,
			);
			path = MessagesHistory;
			sourceTree = "<group>";
		};
		CF964F172D943CCE0038AEAD /* Image+extension */ = {
			isa = PBXGroup;
			children = (
				CF964F182D943CE20038AEAD /* Image+extension.swift */,
			);
			path = "Image+extension";
			sourceTree = "<group>";
		};
		CF964F262D943D920038AEAD /* ChatModule */ = {
			isa = PBXGroup;
			children = (
				5607751A2D9C9D89004EA190 /* UserSettingsManager.swift */,
				CF1A245D2D9829910032844E /* Views */,
				CF1A241A2D97BA320032844E /* Modifiers */,
				CF1A23D72D96B80B0032844E /* Model */,
				CF964F272D943DDA0038AEAD /* ChatScreen.swift */,
				CF964F292D943DE60038AEAD /* ChatViewModel.swift */,
				CF7CA02E2D9E7C8C0035DEA0 /* MessagesHistory */,
			);
			path = ChatModule;
			sourceTree = "<group>";
		};
/* End PBXGroup section */

/* Begin PBXNativeTarget section */
		2EA150782D9353DC001ED73E /* FintechKids */ = {
			isa = PBXNativeTarget;
			buildConfigurationList = 2EA1509F2D9353DD001ED73E /* Build configuration list for PBXNativeTarget "FintechKids" */;
			buildPhases = (
				2EA150752D9353DC001ED73E /* Sources */,
				2EA150762D9353DC001ED73E /* Frameworks */,
				2EA150772D9353DC001ED73E /* Resources */,
			);
			buildRules = (
			);
			dependencies = (
			);
			name = FintechKids;
			productName = FintechKids;
			productReference = 2EA150792D9353DC001ED73E /* FintechKids.app */;
			productType = "com.apple.product-type.application";
		};
		2EA1508A2D9353DD001ED73E /* FintechKidsTests */ = {
			isa = PBXNativeTarget;
			buildConfigurationList = 2EA150A22D9353DD001ED73E /* Build configuration list for PBXNativeTarget "FintechKidsTests" */;
			buildPhases = (
				2EA150872D9353DD001ED73E /* Sources */,
				2EA150882D9353DD001ED73E /* Frameworks */,
				2EA150892D9353DD001ED73E /* Resources */,
			);
			buildRules = (
			);
			dependencies = (
				2EA1508D2D9353DD001ED73E /* PBXTargetDependency */,
			);
			name = FintechKidsTests;
			productName = FintechKidsTests;
			productReference = 2EA1508B2D9353DD001ED73E /* FintechKidsTests.xctest */;
			productType = "com.apple.product-type.bundle.unit-test";
		};
		2EA150942D9353DD001ED73E /* FintechKidsUITests */ = {
			isa = PBXNativeTarget;
			buildConfigurationList = 2EA150A52D9353DD001ED73E /* Build configuration list for PBXNativeTarget "FintechKidsUITests" */;
			buildPhases = (
				2EA150912D9353DD001ED73E /* Sources */,
				2EA150922D9353DD001ED73E /* Frameworks */,
				2EA150932D9353DD001ED73E /* Resources */,
			);
			buildRules = (
			);
			dependencies = (
				2EA150972D9353DD001ED73E /* PBXTargetDependency */,
			);
			name = FintechKidsUITests;
			productName = FintechKidsUITests;
			productReference = 2EA150952D9353DD001ED73E /* FintechKidsUITests.xctest */;
			productType = "com.apple.product-type.bundle.ui-testing";
		};
/* End PBXNativeTarget section */

/* Begin PBXProject section */
		2EA150712D9353DC001ED73E /* Project object */ = {
			isa = PBXProject;
			attributes = {
				BuildIndependentTargetsInParallel = 1;
				LastSwiftUpdateCheck = 1540;
				LastUpgradeCheck = 1540;
				TargetAttributes = {
					2EA150782D9353DC001ED73E = {
						CreatedOnToolsVersion = 15.4;
					};
					2EA1508A2D9353DD001ED73E = {
						CreatedOnToolsVersion = 15.4;
						TestTargetID = 2EA150782D9353DC001ED73E;
					};
					2EA150942D9353DD001ED73E = {
						CreatedOnToolsVersion = 15.4;
						TestTargetID = 2EA150782D9353DC001ED73E;
					};
				};
			};
			buildConfigurationList = 2EA150742D9353DC001ED73E /* Build configuration list for PBXProject "FintechKids" */;
			compatibilityVersion = "Xcode 14.0";
			developmentRegion = en;
			hasScannedForEncodings = 0;
			knownRegions = (
				en,
				Base,
			);
			mainGroup = 2EA150702D9353DC001ED73E;
			productRefGroup = 2EA1507A2D9353DC001ED73E /* Products */;
			projectDirPath = "";
			projectRoot = "";
			targets = (
				2EA150782D9353DC001ED73E /* FintechKids */,
				2EA1508A2D9353DD001ED73E /* FintechKidsTests */,
				2EA150942D9353DD001ED73E /* FintechKidsUITests */,
			);
		};
/* End PBXProject section */

/* Begin PBXResourcesBuildPhase section */
		2EA150772D9353DC001ED73E /* Resources */ = {
			isa = PBXResourcesBuildPhase;
			buildActionMask = 2147483647;
			files = (
				8390DB9F2D986C2600A414FD /* DeleddaOpen-Light.ttf in Resources */,
				2EA150862D9353DD001ED73E /* Preview Assets.xcassets in Resources */,
				83A6E9642D95889E0007B577 /* CardGame.txt in Resources */,
				2EA150832D9353DD001ED73E /* Assets.xcassets in Resources */,
			);
			runOnlyForDeploymentPostprocessing = 0;
		};
		2EA150892D9353DD001ED73E /* Resources */ = {
			isa = PBXResourcesBuildPhase;
			buildActionMask = 2147483647;
			files = (
			);
			runOnlyForDeploymentPostprocessing = 0;
		};
		2EA150932D9353DD001ED73E /* Resources */ = {
			isa = PBXResourcesBuildPhase;
			buildActionMask = 2147483647;
			files = (
			);
			runOnlyForDeploymentPostprocessing = 0;
		};
/* End PBXResourcesBuildPhase section */

/* Begin PBXSourcesBuildPhase section */
		2EA150752D9353DC001ED73E /* Sources */ = {
			isa = PBXSourcesBuildPhase;
			buildActionMask = 2147483647;
			files = (
				CF7CA0242D9D58880035DEA0 /* BubbleAnimationView.swift in Sources */,
				2E5799CB2D9BF57A00994E20 /* StartAnalyticsView.swift in Sources */,
				2E5799C92D9BF50B00994E20 /* FintechKidsApp.swift in Sources */,
				2E2551CD2D96C8F00007B2D9 /* FlipOpacity.swift in Sources */,
				2EA1507F2D9353DC001ED73E /* ContentView.swift in Sources */,
				2E2551D02D96C8F00007B2D9 /* GoalsView.swift in Sources */,
				2E2551D92D97608A0007B2D9 /* CustomTextField.swift in Sources */,
				5323EC5D2D9D167F00100D17 /* OnboardsViewModel.swift in Sources */,
				838CD9462D96E9A7006F1661 /* ScreenFactory.swift in Sources */,
				2EA151642D954BA7001ED73E /* DateExtension.swift in Sources */,
				CF1A24612D9829C50032844E /* CreateMessageTextField.swift in Sources */,
				83A6E9662D95945E0007B577 /* Storage.swift in Sources */,
				0F71F74C2D9A764200A1A407 /* AnalyticsView.swift in Sources */,
				CF964F2A2D943DE60038AEAD /* ChatViewModel.swift in Sources */,
				536509E42D9B4B4800797B3C /* Product.swift in Sources */,
				CF964F282D943DDA0038AEAD /* ChatScreen.swift in Sources */,
				5323EB9A2D9C22FD00100D17 /* ShoppingGameViewModel.swift in Sources */,
				5323EC612D9D177000100D17 /* TimerOnboardView.swift in Sources */,
				53B3D6FA2D96CA1E00B31D2D /* LLMService.swift in Sources */,
				0FC6DA1B2D9498D3007CB69B /* AddingExpensesView.swift in Sources */,
				CF964F192D943CE20038AEAD /* Image+extension.swift in Sources */,
				5323EB932D9C208C00100D17 /* ProductItemView.swift in Sources */,
				5323EB942D9C208C00100D17 /* TimerVIew.swift in Sources */,
				5323EC5F2D9D171000100D17 /* BotOnboardView.swift in Sources */,
				5323EB952D9C208C00100D17 /* TimeUpView.swift in Sources */,
				5323EB962D9C208C00100D17 /* WalletView.swift in Sources */,
				5323EC632D9D17B100100D17 /* StartOnboardView.swift in Sources */,
				2E2551CC2D96C8F00007B2D9 /* BackSideGoalCardView.swift in Sources */,
				CF1A25DA2D9B4A7C0032844E /* Cloud.swift in Sources */,
				CF1A241C2D97BA410032844E /* Modifiers.swift in Sources */,
				5323EC8A2D9D1C3600100D17 /* OnboardingView.swift in Sources */,
				CF1A23DB2D96B8100032844E /* Formatter.swift in Sources */,
				CF1A23DC2D96B8100032844E /* Message.swift in Sources */,
				5607751B2D9C9D94004EA190 /* UserSettingsManager.swift in Sources */,
				CF1A247A2D986D0C0032844E /* MessageCorner.swift in Sources */,
				562D84BF2D9E91EB00C39925 /* AvatarPickerView.swift in Sources */,
				562D84C02D9E91EB00C39925 /* EditableField.swift in Sources */,
				562D84C12D9E91EB00C39925 /* ProfileSettingsView.swift in Sources */,
				562D84C22D9E91EB00C39925 /* SettingsButtonStyle.swift in Sources */,
				CF1A254B2D999F990032844E /* ChatConstants.swift in Sources */,
				CF1A245F2D9829A30032844E /* MessageList.swift in Sources */,
				536509E22D9B4AB400797B3C /* MockData.swift in Sources */,
				CF1A23932D9461360032844E /* MessageView.swift in Sources */,
				2E5799C82D9BF3CA00994E20 /* GoalViewModel.swift in Sources */,
				2E2551CF2D96C8F00007B2D9 /* GoalCardView.swift in Sources */,
				2E136FAA2D9D5A3600089A4A /* CustomDropDownList.swift in Sources */,
				CF7CA0232D9D3AF80035DEA0 /* FinikAvatar.swift in Sources */,
				2E2551E02D9A11C30007B2D9 /* CustomImagePicker.swift in Sources */,
				536509A52D9A9E7300797B3C /* TextToTransactionConverter.swift in Sources */,
				53B3D7002D96CA3900B31D2D /* FileServiceError.swift in Sources */,
				536509EE2D9B5F1C00797B3C /* ProductGridGame.swift in Sources */,
				53B3D7412D986DA900B31D2D /* LLMKeyProvider.swift in Sources */,
				53B3D7012D96CA3900B31D2D /* PDFError.swift in Sources */,
				53B3D7472D986E2D00B31D2D /* StatementController.swift in Sources */,
				CF1A25972D9ADD820032844E /* TypingIndicator.swift in Sources */,
				53B3D7482D986E2D00B31D2D /* StatementFileStore.swift in Sources */,
				560775192D9C017A004EA190 /* SplashScreen.swift in Sources */,
				53B3D7492D986E2D00B31D2D /* StatementPDFToStringConverter.swift in Sources */,
				53B3D74A2D986E2D00B31D2D /* StatementService.swift in Sources */,
				53B3D7022D96CA3900B31D2D /* NetworkingError.swift in Sources */,
				83869DAE2D9499D2000A1EFD /* CardGameRound.swift in Sources */,
				CF7CA0292D9DA6A90035DEA0 /* MainBGGradient.swift in Sources */,
				83869DAE2D9499D2000A1EFD /* CardGameRound.swift in Sources */,
				CF1A25D82D9B47BA0032844E /* MessageModel.swift in Sources */,
				83869DAF2D9499D2000A1EFD /* CardGameView.swift in Sources */,
				CF7CA0302D9E7CA20035DEA0 /* MessagesHistory.swift in Sources */,
				53B3D7502D99A26900B31D2D /* ChatService.swift in Sources */,
				CF7CA0262D9D656E0035DEA0 /* ClearChatLabel.swift in Sources */,
				83869DB22D9499D2000A1EFD /* CardGameViewModel.swift in Sources */,
				2E2551D72D975C210007B2D9 /* GoalCardRow.swift in Sources */,
				2EA150AF2D9387E7001ED73E /* TabBar.swift in Sources */,
				CF1A24632D9829E90032844E /* DismissButtonLabel.swift in Sources */,
				5323EC592D9D15C500100D17 /* WelcomeOnboardView.swift in Sources */,
				53B3D70B2D96CA6600B31D2D /* Prompt.swift in Sources */,
				53B3D70C2D96CA6600B31D2D /* APIResponse.swift in Sources */,
				53B3D70D2D96CA6600B31D2D /* MessageContent.swift in Sources */,
				53B3D70E2D96CA6600B31D2D /* MessageRequest.swift in Sources */,
				53B3D70F2D96CA6600B31D2D /* Choices.swift in Sources */,
				53B3D7102D96CA6600B31D2D /* MessageResponse.swift in Sources */,
				53B3D7112D96CA6600B31D2D /* RequestBody.swift in Sources */,
				0FC6DA1E2D95B946007CB69B /* HomeView.swift in Sources */,
				2E1F4C012D95F3AA0024F7B2 /* GoalsViewModel.swift in Sources */,
				2EA151662D954C5B001ED73E /* GoalModel.swift in Sources */,
				2E2551E22D9A79290007B2D9 /* CropView.swift in Sources */,
				2E2551DC2D97703F0007B2D9 /* CustomImageEditButton.swift in Sources */,
				2E2551E42D9AA0780007B2D9 /* ViewExtensionForLoadImage.swift in Sources */,
				2E2551CE2D96C8F00007B2D9 /* FrontSideGoalCardView.swift in Sources */,
				2E2551D12D96C8F00007B2D9 /* ProgressBar.swift in Sources */,
				53B3D7132D96CB4F00B31D2D /* Transaction.swift in Sources */,
				CF1A241E2D97D1F20032844E /* Extensions.swift in Sources */,
				536509E62D9B4C5900797B3C /* ShoppingGameView.swift in Sources */,
				0F71F7502D9AC97100A1A407 /* Plot.swift in Sources */,
				0FC6DA222D95CC73007CB69B /* PdfDocumentPicker.swift in Sources */,
			);
			runOnlyForDeploymentPostprocessing = 0;
		};
		2EA150872D9353DD001ED73E /* Sources */ = {
			isa = PBXSourcesBuildPhase;
			buildActionMask = 2147483647;
			files = (
				2EA150902D9353DD001ED73E /* FintechKidsTests.swift in Sources */,
			);
			runOnlyForDeploymentPostprocessing = 0;
		};
		2EA150912D9353DD001ED73E /* Sources */ = {
			isa = PBXSourcesBuildPhase;
			buildActionMask = 2147483647;
			files = (
				2EA1509A2D9353DD001ED73E /* FintechKidsUITests.swift in Sources */,
				2EA1509C2D9353DD001ED73E /* FintechKidsUITestsLaunchTests.swift in Sources */,
			);
			runOnlyForDeploymentPostprocessing = 0;
		};
/* End PBXSourcesBuildPhase section */

/* Begin PBXTargetDependency section */
		2EA1508D2D9353DD001ED73E /* PBXTargetDependency */ = {
			isa = PBXTargetDependency;
			target = 2EA150782D9353DC001ED73E /* FintechKids */;
			targetProxy = 2EA1508C2D9353DD001ED73E /* PBXContainerItemProxy */;
		};
		2EA150972D9353DD001ED73E /* PBXTargetDependency */ = {
			isa = PBXTargetDependency;
			target = 2EA150782D9353DC001ED73E /* FintechKids */;
			targetProxy = 2EA150962D9353DD001ED73E /* PBXContainerItemProxy */;
		};
/* End PBXTargetDependency section */

/* Begin XCBuildConfiguration section */
		2EA1509D2D9353DD001ED73E /* Debug */ = {
			isa = XCBuildConfiguration;
			buildSettings = {
				ALWAYS_SEARCH_USER_PATHS = NO;
				ASSETCATALOG_COMPILER_GENERATE_SWIFT_ASSET_SYMBOL_EXTENSIONS = YES;
				CLANG_ANALYZER_NONNULL = YES;
				CLANG_ANALYZER_NUMBER_OBJECT_CONVERSION = YES_AGGRESSIVE;
				CLANG_CXX_LANGUAGE_STANDARD = "gnu++20";
				CLANG_ENABLE_MODULES = YES;
				CLANG_ENABLE_OBJC_ARC = YES;
				CLANG_ENABLE_OBJC_WEAK = YES;
				CLANG_WARN_BLOCK_CAPTURE_AUTORELEASING = YES;
				CLANG_WARN_BOOL_CONVERSION = YES;
				CLANG_WARN_COMMA = YES;
				CLANG_WARN_CONSTANT_CONVERSION = YES;
				CLANG_WARN_DEPRECATED_OBJC_IMPLEMENTATIONS = YES;
				CLANG_WARN_DIRECT_OBJC_ISA_USAGE = YES_ERROR;
				CLANG_WARN_DOCUMENTATION_COMMENTS = YES;
				CLANG_WARN_EMPTY_BODY = YES;
				CLANG_WARN_ENUM_CONVERSION = YES;
				CLANG_WARN_INFINITE_RECURSION = YES;
				CLANG_WARN_INT_CONVERSION = YES;
				CLANG_WARN_NON_LITERAL_NULL_CONVERSION = YES;
				CLANG_WARN_OBJC_IMPLICIT_RETAIN_SELF = YES;
				CLANG_WARN_OBJC_LITERAL_CONVERSION = YES;
				CLANG_WARN_OBJC_ROOT_CLASS = YES_ERROR;
				CLANG_WARN_QUOTED_INCLUDE_IN_FRAMEWORK_HEADER = YES;
				CLANG_WARN_RANGE_LOOP_ANALYSIS = YES;
				CLANG_WARN_STRICT_PROTOTYPES = YES;
				CLANG_WARN_SUSPICIOUS_MOVE = YES;
				CLANG_WARN_UNGUARDED_AVAILABILITY = YES_AGGRESSIVE;
				CLANG_WARN_UNREACHABLE_CODE = YES;
				CLANG_WARN__DUPLICATE_METHOD_MATCH = YES;
				COPY_PHASE_STRIP = NO;
				DEBUG_INFORMATION_FORMAT = dwarf;
				ENABLE_STRICT_OBJC_MSGSEND = YES;
				ENABLE_TESTABILITY = YES;
				ENABLE_USER_SCRIPT_SANDBOXING = YES;
				GCC_C_LANGUAGE_STANDARD = gnu17;
				GCC_DYNAMIC_NO_PIC = NO;
				GCC_NO_COMMON_BLOCKS = YES;
				GCC_OPTIMIZATION_LEVEL = 0;
				GCC_PREPROCESSOR_DEFINITIONS = (
					"DEBUG=1",
					"$(inherited)",
				);
				GCC_WARN_64_TO_32_BIT_CONVERSION = YES;
				GCC_WARN_ABOUT_RETURN_TYPE = YES_ERROR;
				GCC_WARN_UNDECLARED_SELECTOR = YES;
				GCC_WARN_UNINITIALIZED_AUTOS = YES_AGGRESSIVE;
				GCC_WARN_UNUSED_FUNCTION = YES;
				GCC_WARN_UNUSED_VARIABLE = YES;
				IPHONEOS_DEPLOYMENT_TARGET = 17.5;
				LOCALIZATION_PREFERS_STRING_CATALOGS = YES;
				MTL_ENABLE_DEBUG_INFO = INCLUDE_SOURCE;
				MTL_FAST_MATH = YES;
				ONLY_ACTIVE_ARCH = YES;
				SDKROOT = iphoneos;
				SWIFT_ACTIVE_COMPILATION_CONDITIONS = "DEBUG $(inherited)";
				SWIFT_OPTIMIZATION_LEVEL = "-Onone";
			};
			name = Debug;
		};
		2EA1509E2D9353DD001ED73E /* Release */ = {
			isa = XCBuildConfiguration;
			buildSettings = {
				ALWAYS_SEARCH_USER_PATHS = NO;
				ASSETCATALOG_COMPILER_GENERATE_SWIFT_ASSET_SYMBOL_EXTENSIONS = YES;
				CLANG_ANALYZER_NONNULL = YES;
				CLANG_ANALYZER_NUMBER_OBJECT_CONVERSION = YES_AGGRESSIVE;
				CLANG_CXX_LANGUAGE_STANDARD = "gnu++20";
				CLANG_ENABLE_MODULES = YES;
				CLANG_ENABLE_OBJC_ARC = YES;
				CLANG_ENABLE_OBJC_WEAK = YES;
				CLANG_WARN_BLOCK_CAPTURE_AUTORELEASING = YES;
				CLANG_WARN_BOOL_CONVERSION = YES;
				CLANG_WARN_COMMA = YES;
				CLANG_WARN_CONSTANT_CONVERSION = YES;
				CLANG_WARN_DEPRECATED_OBJC_IMPLEMENTATIONS = YES;
				CLANG_WARN_DIRECT_OBJC_ISA_USAGE = YES_ERROR;
				CLANG_WARN_DOCUMENTATION_COMMENTS = YES;
				CLANG_WARN_EMPTY_BODY = YES;
				CLANG_WARN_ENUM_CONVERSION = YES;
				CLANG_WARN_INFINITE_RECURSION = YES;
				CLANG_WARN_INT_CONVERSION = YES;
				CLANG_WARN_NON_LITERAL_NULL_CONVERSION = YES;
				CLANG_WARN_OBJC_IMPLICIT_RETAIN_SELF = YES;
				CLANG_WARN_OBJC_LITERAL_CONVERSION = YES;
				CLANG_WARN_OBJC_ROOT_CLASS = YES_ERROR;
				CLANG_WARN_QUOTED_INCLUDE_IN_FRAMEWORK_HEADER = YES;
				CLANG_WARN_RANGE_LOOP_ANALYSIS = YES;
				CLANG_WARN_STRICT_PROTOTYPES = YES;
				CLANG_WARN_SUSPICIOUS_MOVE = YES;
				CLANG_WARN_UNGUARDED_AVAILABILITY = YES_AGGRESSIVE;
				CLANG_WARN_UNREACHABLE_CODE = YES;
				CLANG_WARN__DUPLICATE_METHOD_MATCH = YES;
				COPY_PHASE_STRIP = NO;
				DEBUG_INFORMATION_FORMAT = "dwarf-with-dsym";
				ENABLE_NS_ASSERTIONS = NO;
				ENABLE_STRICT_OBJC_MSGSEND = YES;
				ENABLE_USER_SCRIPT_SANDBOXING = YES;
				GCC_C_LANGUAGE_STANDARD = gnu17;
				GCC_NO_COMMON_BLOCKS = YES;
				GCC_WARN_64_TO_32_BIT_CONVERSION = YES;
				GCC_WARN_ABOUT_RETURN_TYPE = YES_ERROR;
				GCC_WARN_UNDECLARED_SELECTOR = YES;
				GCC_WARN_UNINITIALIZED_AUTOS = YES_AGGRESSIVE;
				GCC_WARN_UNUSED_FUNCTION = YES;
				GCC_WARN_UNUSED_VARIABLE = YES;
				IPHONEOS_DEPLOYMENT_TARGET = 17.5;
				LOCALIZATION_PREFERS_STRING_CATALOGS = YES;
				MTL_ENABLE_DEBUG_INFO = NO;
				MTL_FAST_MATH = YES;
				SDKROOT = iphoneos;
				SWIFT_COMPILATION_MODE = wholemodule;
				VALIDATE_PRODUCT = YES;
			};
			name = Release;
		};
		2EA150A02D9353DD001ED73E /* Debug */ = {
			isa = XCBuildConfiguration;
			buildSettings = {
				ASSETCATALOG_COMPILER_APPICON_NAME = AppIcon;
				ASSETCATALOG_COMPILER_GLOBAL_ACCENT_COLOR_NAME = AccentColor;
				CODE_SIGN_STYLE = Automatic;
				CURRENT_PROJECT_VERSION = 1;
				DEVELOPMENT_ASSET_PATHS = "\"FintechKids/Preview Content\"";
				DEVELOPMENT_TEAM = M94G8RZ9KR;
				ENABLE_PREVIEWS = YES;
				GENERATE_INFOPLIST_FILE = YES;
				INFOPLIST_FILE = FintechKids/Info.plist;
				INFOPLIST_KEY_UIApplicationSceneManifest_Generation = YES;
				INFOPLIST_KEY_UIApplicationSupportsIndirectInputEvents = YES;
				INFOPLIST_KEY_UILaunchScreen_Generation = YES;
				INFOPLIST_KEY_UISupportedInterfaceOrientations_iPad = "UIInterfaceOrientationPortrait UIInterfaceOrientationPortraitUpsideDown UIInterfaceOrientationLandscapeLeft UIInterfaceOrientationLandscapeRight";
				INFOPLIST_KEY_UISupportedInterfaceOrientations_iPhone = "UIInterfaceOrientationPortrait UIInterfaceOrientationLandscapeLeft UIInterfaceOrientationLandscapeRight";
				IPHONEOS_DEPLOYMENT_TARGET = 17.5;
				LD_RUNPATH_SEARCH_PATHS = (
					"$(inherited)",
					"@executable_path/Frameworks",
				);
				MARKETING_VERSION = 1.0;
				PRODUCT_BUNDLE_IDENTIFIER = yandex;
				PRODUCT_NAME = "$(TARGET_NAME)";
				SWIFT_EMIT_LOC_STRINGS = YES;
				SWIFT_VERSION = 5.0;
				TARGETED_DEVICE_FAMILY = "1,2";
			};
			name = Debug;
		};
		2EA150A12D9353DD001ED73E /* Release */ = {
			isa = XCBuildConfiguration;
			buildSettings = {
				ASSETCATALOG_COMPILER_APPICON_NAME = AppIcon;
				ASSETCATALOG_COMPILER_GLOBAL_ACCENT_COLOR_NAME = AccentColor;
				CODE_SIGN_STYLE = Automatic;
				CURRENT_PROJECT_VERSION = 1;
				DEVELOPMENT_ASSET_PATHS = "\"FintechKids/Preview Content\"";
				DEVELOPMENT_TEAM = M94G8RZ9KR;
				ENABLE_PREVIEWS = YES;
				GENERATE_INFOPLIST_FILE = YES;
				INFOPLIST_FILE = FintechKids/Info.plist;
				INFOPLIST_KEY_UIApplicationSceneManifest_Generation = YES;
				INFOPLIST_KEY_UIApplicationSupportsIndirectInputEvents = YES;
				INFOPLIST_KEY_UILaunchScreen_Generation = YES;
				INFOPLIST_KEY_UISupportedInterfaceOrientations_iPad = "UIInterfaceOrientationPortrait UIInterfaceOrientationPortraitUpsideDown UIInterfaceOrientationLandscapeLeft UIInterfaceOrientationLandscapeRight";
				INFOPLIST_KEY_UISupportedInterfaceOrientations_iPhone = "UIInterfaceOrientationPortrait UIInterfaceOrientationLandscapeLeft UIInterfaceOrientationLandscapeRight";
				IPHONEOS_DEPLOYMENT_TARGET = 17.5;
				LD_RUNPATH_SEARCH_PATHS = (
					"$(inherited)",
					"@executable_path/Frameworks",
				);
				MARKETING_VERSION = 1.0;
				PRODUCT_BUNDLE_IDENTIFIER = yandex;
				PRODUCT_NAME = "$(TARGET_NAME)";
				SWIFT_EMIT_LOC_STRINGS = YES;
				SWIFT_VERSION = 5.0;
				TARGETED_DEVICE_FAMILY = "1,2";
			};
			name = Release;
		};
		2EA150A32D9353DD001ED73E /* Debug */ = {
			isa = XCBuildConfiguration;
			buildSettings = {
				ALWAYS_EMBED_SWIFT_STANDARD_LIBRARIES = YES;
				BUNDLE_LOADER = "$(TEST_HOST)";
				CODE_SIGN_STYLE = Automatic;
				CURRENT_PROJECT_VERSION = 1;
				DEVELOPMENT_TEAM = XNT88MR9C6;
				GENERATE_INFOPLIST_FILE = YES;
				IPHONEOS_DEPLOYMENT_TARGET = 17.5;
				MARKETING_VERSION = 1.0;
				PRODUCT_BUNDLE_IDENTIFIER = hse.se.FintechKidsTests;
				PRODUCT_NAME = "$(TARGET_NAME)";
				SWIFT_EMIT_LOC_STRINGS = NO;
				SWIFT_VERSION = 5.0;
				TARGETED_DEVICE_FAMILY = "1,2";
				TEST_HOST = "$(BUILT_PRODUCTS_DIR)/FintechKids.app/$(BUNDLE_EXECUTABLE_FOLDER_PATH)/FintechKids";
			};
			name = Debug;
		};
		2EA150A42D9353DD001ED73E /* Release */ = {
			isa = XCBuildConfiguration;
			buildSettings = {
				ALWAYS_EMBED_SWIFT_STANDARD_LIBRARIES = YES;
				BUNDLE_LOADER = "$(TEST_HOST)";
				CODE_SIGN_STYLE = Automatic;
				CURRENT_PROJECT_VERSION = 1;
				DEVELOPMENT_TEAM = XNT88MR9C6;
				GENERATE_INFOPLIST_FILE = YES;
				IPHONEOS_DEPLOYMENT_TARGET = 17.5;
				MARKETING_VERSION = 1.0;
				PRODUCT_BUNDLE_IDENTIFIER = hse.se.FintechKidsTests;
				PRODUCT_NAME = "$(TARGET_NAME)";
				SWIFT_EMIT_LOC_STRINGS = NO;
				SWIFT_VERSION = 5.0;
				TARGETED_DEVICE_FAMILY = "1,2";
				TEST_HOST = "$(BUILT_PRODUCTS_DIR)/FintechKids.app/$(BUNDLE_EXECUTABLE_FOLDER_PATH)/FintechKids";
			};
			name = Release;
		};
		2EA150A62D9353DD001ED73E /* Debug */ = {
			isa = XCBuildConfiguration;
			buildSettings = {
				ALWAYS_EMBED_SWIFT_STANDARD_LIBRARIES = YES;
				CODE_SIGN_STYLE = Automatic;
				CURRENT_PROJECT_VERSION = 1;
				DEVELOPMENT_TEAM = XNT88MR9C6;
				GENERATE_INFOPLIST_FILE = YES;
				MARKETING_VERSION = 1.0;
				PRODUCT_BUNDLE_IDENTIFIER = hse.se.FintechKidsUITests;
				PRODUCT_NAME = "$(TARGET_NAME)";
				SWIFT_EMIT_LOC_STRINGS = NO;
				SWIFT_VERSION = 5.0;
				TARGETED_DEVICE_FAMILY = "1,2";
				TEST_TARGET_NAME = FintechKids;
			};
			name = Debug;
		};
		2EA150A72D9353DD001ED73E /* Release */ = {
			isa = XCBuildConfiguration;
			buildSettings = {
				ALWAYS_EMBED_SWIFT_STANDARD_LIBRARIES = YES;
				CODE_SIGN_STYLE = Automatic;
				CURRENT_PROJECT_VERSION = 1;
				DEVELOPMENT_TEAM = XNT88MR9C6;
				GENERATE_INFOPLIST_FILE = YES;
				MARKETING_VERSION = 1.0;
				PRODUCT_BUNDLE_IDENTIFIER = hse.se.FintechKidsUITests;
				PRODUCT_NAME = "$(TARGET_NAME)";
				SWIFT_EMIT_LOC_STRINGS = NO;
				SWIFT_VERSION = 5.0;
				TARGETED_DEVICE_FAMILY = "1,2";
				TEST_TARGET_NAME = FintechKids;
			};
			name = Release;
		};
/* End XCBuildConfiguration section */

/* Begin XCConfigurationList section */
		2EA150742D9353DC001ED73E /* Build configuration list for PBXProject "FintechKids" */ = {
			isa = XCConfigurationList;
			buildConfigurations = (
				2EA1509D2D9353DD001ED73E /* Debug */,
				2EA1509E2D9353DD001ED73E /* Release */,
			);
			defaultConfigurationIsVisible = 0;
			defaultConfigurationName = Release;
		};
		2EA1509F2D9353DD001ED73E /* Build configuration list for PBXNativeTarget "FintechKids" */ = {
			isa = XCConfigurationList;
			buildConfigurations = (
				2EA150A02D9353DD001ED73E /* Debug */,
				2EA150A12D9353DD001ED73E /* Release */,
			);
			defaultConfigurationIsVisible = 0;
			defaultConfigurationName = Release;
		};
		2EA150A22D9353DD001ED73E /* Build configuration list for PBXNativeTarget "FintechKidsTests" */ = {
			isa = XCConfigurationList;
			buildConfigurations = (
				2EA150A32D9353DD001ED73E /* Debug */,
				2EA150A42D9353DD001ED73E /* Release */,
			);
			defaultConfigurationIsVisible = 0;
			defaultConfigurationName = Release;
		};
		2EA150A52D9353DD001ED73E /* Build configuration list for PBXNativeTarget "FintechKidsUITests" */ = {
			isa = XCConfigurationList;
			buildConfigurations = (
				2EA150A62D9353DD001ED73E /* Debug */,
				2EA150A72D9353DD001ED73E /* Release */,
			);
			defaultConfigurationIsVisible = 0;
			defaultConfigurationName = Release;
		};
/* End XCConfigurationList section */
	};
	rootObject = 2EA150712D9353DC001ED73E /* Project object */;
}
